
Microsoft Visual Studio Solution File, Format Version 12.00
# Visual Studio 15
VisualStudioVersion = 15.0.26124.0
MinimumVisualStudioVersion = 15.0.26124.0
Project("{6EC3EE1D-3C4E-46DD-8F32-0CC8E7565705}") = "Day1.1", "Day1.1\Day1.1.fsproj", "{061083F6-AC1D-4765-BEB5-E758BC3E5310}"
EndProject
Project("{6EC3EE1D-3C4E-46DD-8F32-0CC8E7565705}") = "Day1.2.Tests", "Tests\Day1.2.Tests\Day1.2.Tests.fsproj", "{EBCB0E1A-5F48-4494-8C90-88A60E24DBE3}"
EndProject
Project("{6EC3EE1D-3C4E-46DD-8F32-0CC8E7565705}") = "Day1.2", "Day1.2\Day1.2.fsproj", "{73A23A72-D039-4435-9D36-E5531F55B0E2}"
EndProject
Project("{9A19103F-16F7-4668-BE54-9A1E7A4F7556}") = "Day1.2.csharp", "Day1.2.csharp\Day1.2.csharp.csproj", "{6674442D-C15A-43C9-B242-BFCB67C9087E}"
EndProject
Project("{6EC3EE1D-3C4E-46DD-8F32-0CC8E7565705}") = "Day2.1", "Day2.1\Day2.1.fsproj", "{3F11B5E6-4E5A-4901-B00A-E114DEDEED31}"
EndProject
Project("{2150E333-8FDC-42A3-9474-1A3956D46DE8}") = "Day1", "Day1", "{B392A7FC-B7EC-4F15-8ECF-F581A058B927}"
EndProject
Project("{2150E333-8FDC-42A3-9474-1A3956D46DE8}") = "Day2", "Day2", "{67821840-5006-4989-B014-A53B10BB76AC}"
EndProject
Project("{6EC3EE1D-3C4E-46DD-8F32-0CC8E7565705}") = "Day2.1.Tests", "Day2.1.Tests\Day2.1.Tests.fsproj", "{D2932BD7-5090-42E8-9AE2-D58E213F0F8C}"
EndProject
Project("{9A19103F-16F7-4668-BE54-9A1E7A4F7556}") = "Day2.1.csharp", "Day2.1.csharp\Day2.1.csharp.csproj", "{DBFF9CCB-D596-49AC-8F73-62A22AD5F31D}"
EndProject
Project("{9A19103F-16F7-4668-BE54-9A1E7A4F7556}") = "Day2.2.csharp", "Day2.2.csharp\Day2.2.csharp.csproj", "{84E91404-E3C7-46D2-812A-E0BA35624D90}"
EndProject
Project("{9A19103F-16F7-4668-BE54-9A1E7A4F7556}") = "Day2.2.csharp.Tests", "Day2.2.csharp.Tests\Day2.2.csharp.Tests.csproj", "{FD011C8A-F965-4774-9248-98654E68618D}"
EndProject
Project("{2150E333-8FDC-42A3-9474-1A3956D46DE8}") = "Day3", "Day3", "{9FB00275-963F-427C-810E-F7BD21D05613}"
EndProject
Project("{9A19103F-16F7-4668-BE54-9A1E7A4F7556}") = "Day3.1.csharp.Tests", "Day3.1.csharp.Tests\Day3.1.csharp.Tests.csproj", "{0051BF08-78AC-4FBE-B9C7-AAD3A660CA2B}"
EndProject
Project("{9A19103F-16F7-4668-BE54-9A1E7A4F7556}") = "Day3.1.csharp", "Day3.1.csharp\Day3.1.csharp.csproj", "{0A63CB9E-5C52-4E09-A522-E314EAB7E72A}"
EndProject
Project("{9A19103F-16F7-4668-BE54-9A1E7A4F7556}") = "Day3.2.csharp", "Day3.2.csharp\Day3.2.csharp.csproj", "{83F552DF-314A-4685-9EB0-2560B4FDC355}"
EndProject
Project("{2150E333-8FDC-42A3-9474-1A3956D46DE8}") = "Day4", "Day4", "{F124595C-5958-4BF6-8619-41F7FF1BC932}"
EndProject
Project("{6EC3EE1D-3C4E-46DD-8F32-0CC8E7565705}") = "Day4.1", "Day4.1\Day4.1.fsproj", "{89263C89-6FD6-4931-9762-F5094946CFC8}"
EndProject
Project("{6EC3EE1D-3C4E-46DD-8F32-0CC8E7565705}") = "Day4.1.Tests", "Day4.1.Tests\Day4.1.Tests.fsproj", "{A77A9D88-6274-49C0-845D-92AFA83662AE}"
EndProject
Project("{FAE04EC0-301F-11D3-BF4B-00C04F79EFBC}") = "Day4.1.csharp", "Day4.1.csharp\Day4.1.csharp.csproj", "{ED4A48BB-A601-485D-91E2-62CA3179F988}"
EndProject
Project("{FAE04EC0-301F-11D3-BF4B-00C04F79EFBC}") = "Day4.1.csharp.Tests", "Day4.1.csharp.Tests\Day4.1.csharp.Tests.csproj", "{F16DEEC2-2C62-464E-A527-8641CE9C4CB1}"
EndProject
Global
	GlobalSection(SolutionConfigurationPlatforms) = preSolution
		Debug|Any CPU = Debug|Any CPU
		Debug|x64 = Debug|x64
		Debug|x86 = Debug|x86
		Release|Any CPU = Release|Any CPU
		Release|x64 = Release|x64
		Release|x86 = Release|x86
	EndGlobalSection
	GlobalSection(ProjectConfigurationPlatforms) = postSolution
		{061083F6-AC1D-4765-BEB5-E758BC3E5310}.Debug|Any CPU.ActiveCfg = Debug|Any CPU
		{061083F6-AC1D-4765-BEB5-E758BC3E5310}.Debug|Any CPU.Build.0 = Debug|Any CPU
		{061083F6-AC1D-4765-BEB5-E758BC3E5310}.Debug|x64.ActiveCfg = Debug|Any CPU
		{061083F6-AC1D-4765-BEB5-E758BC3E5310}.Debug|x64.Build.0 = Debug|Any CPU
		{061083F6-AC1D-4765-BEB5-E758BC3E5310}.Debug|x86.ActiveCfg = Debug|Any CPU
		{061083F6-AC1D-4765-BEB5-E758BC3E5310}.Debug|x86.Build.0 = Debug|Any CPU
		{061083F6-AC1D-4765-BEB5-E758BC3E5310}.Release|Any CPU.ActiveCfg = Release|Any CPU
		{061083F6-AC1D-4765-BEB5-E758BC3E5310}.Release|Any CPU.Build.0 = Release|Any CPU
		{061083F6-AC1D-4765-BEB5-E758BC3E5310}.Release|x64.ActiveCfg = Release|Any CPU
		{061083F6-AC1D-4765-BEB5-E758BC3E5310}.Release|x64.Build.0 = Release|Any CPU
		{061083F6-AC1D-4765-BEB5-E758BC3E5310}.Release|x86.ActiveCfg = Release|Any CPU
		{061083F6-AC1D-4765-BEB5-E758BC3E5310}.Release|x86.Build.0 = Release|Any CPU
		{EBCB0E1A-5F48-4494-8C90-88A60E24DBE3}.Debug|Any CPU.ActiveCfg = Debug|Any CPU
		{EBCB0E1A-5F48-4494-8C90-88A60E24DBE3}.Debug|Any CPU.Build.0 = Debug|Any CPU
		{EBCB0E1A-5F48-4494-8C90-88A60E24DBE3}.Debug|x64.ActiveCfg = Debug|Any CPU
		{EBCB0E1A-5F48-4494-8C90-88A60E24DBE3}.Debug|x64.Build.0 = Debug|Any CPU
		{EBCB0E1A-5F48-4494-8C90-88A60E24DBE3}.Debug|x86.ActiveCfg = Debug|Any CPU
		{EBCB0E1A-5F48-4494-8C90-88A60E24DBE3}.Debug|x86.Build.0 = Debug|Any CPU
		{EBCB0E1A-5F48-4494-8C90-88A60E24DBE3}.Release|Any CPU.ActiveCfg = Release|Any CPU
		{EBCB0E1A-5F48-4494-8C90-88A60E24DBE3}.Release|Any CPU.Build.0 = Release|Any CPU
		{EBCB0E1A-5F48-4494-8C90-88A60E24DBE3}.Release|x64.ActiveCfg = Release|Any CPU
		{EBCB0E1A-5F48-4494-8C90-88A60E24DBE3}.Release|x64.Build.0 = Release|Any CPU
		{EBCB0E1A-5F48-4494-8C90-88A60E24DBE3}.Release|x86.ActiveCfg = Release|Any CPU
		{EBCB0E1A-5F48-4494-8C90-88A60E24DBE3}.Release|x86.Build.0 = Release|Any CPU
		{73A23A72-D039-4435-9D36-E5531F55B0E2}.Debug|Any CPU.ActiveCfg = Debug|Any CPU
		{73A23A72-D039-4435-9D36-E5531F55B0E2}.Debug|Any CPU.Build.0 = Debug|Any CPU
		{73A23A72-D039-4435-9D36-E5531F55B0E2}.Debug|x64.ActiveCfg = Debug|Any CPU
		{73A23A72-D039-4435-9D36-E5531F55B0E2}.Debug|x64.Build.0 = Debug|Any CPU
		{73A23A72-D039-4435-9D36-E5531F55B0E2}.Debug|x86.ActiveCfg = Debug|Any CPU
		{73A23A72-D039-4435-9D36-E5531F55B0E2}.Debug|x86.Build.0 = Debug|Any CPU
		{73A23A72-D039-4435-9D36-E5531F55B0E2}.Release|Any CPU.ActiveCfg = Release|Any CPU
		{73A23A72-D039-4435-9D36-E5531F55B0E2}.Release|Any CPU.Build.0 = Release|Any CPU
		{73A23A72-D039-4435-9D36-E5531F55B0E2}.Release|x64.ActiveCfg = Release|Any CPU
		{73A23A72-D039-4435-9D36-E5531F55B0E2}.Release|x64.Build.0 = Release|Any CPU
		{73A23A72-D039-4435-9D36-E5531F55B0E2}.Release|x86.ActiveCfg = Release|Any CPU
		{73A23A72-D039-4435-9D36-E5531F55B0E2}.Release|x86.Build.0 = Release|Any CPU
		{6674442D-C15A-43C9-B242-BFCB67C9087E}.Debug|Any CPU.ActiveCfg = Debug|Any CPU
		{6674442D-C15A-43C9-B242-BFCB67C9087E}.Debug|Any CPU.Build.0 = Debug|Any CPU
		{6674442D-C15A-43C9-B242-BFCB67C9087E}.Debug|x64.ActiveCfg = Debug|Any CPU
		{6674442D-C15A-43C9-B242-BFCB67C9087E}.Debug|x64.Build.0 = Debug|Any CPU
		{6674442D-C15A-43C9-B242-BFCB67C9087E}.Debug|x86.ActiveCfg = Debug|Any CPU
		{6674442D-C15A-43C9-B242-BFCB67C9087E}.Debug|x86.Build.0 = Debug|Any CPU
		{6674442D-C15A-43C9-B242-BFCB67C9087E}.Release|Any CPU.ActiveCfg = Release|Any CPU
		{6674442D-C15A-43C9-B242-BFCB67C9087E}.Release|Any CPU.Build.0 = Release|Any CPU
		{6674442D-C15A-43C9-B242-BFCB67C9087E}.Release|x64.ActiveCfg = Release|Any CPU
		{6674442D-C15A-43C9-B242-BFCB67C9087E}.Release|x64.Build.0 = Release|Any CPU
		{6674442D-C15A-43C9-B242-BFCB67C9087E}.Release|x86.ActiveCfg = Release|Any CPU
		{6674442D-C15A-43C9-B242-BFCB67C9087E}.Release|x86.Build.0 = Release|Any CPU
		{3F11B5E6-4E5A-4901-B00A-E114DEDEED31}.Debug|Any CPU.ActiveCfg = Debug|Any CPU
		{3F11B5E6-4E5A-4901-B00A-E114DEDEED31}.Debug|Any CPU.Build.0 = Debug|Any CPU
		{3F11B5E6-4E5A-4901-B00A-E114DEDEED31}.Debug|x64.ActiveCfg = Debug|Any CPU
		{3F11B5E6-4E5A-4901-B00A-E114DEDEED31}.Debug|x64.Build.0 = Debug|Any CPU
		{3F11B5E6-4E5A-4901-B00A-E114DEDEED31}.Debug|x86.ActiveCfg = Debug|Any CPU
		{3F11B5E6-4E5A-4901-B00A-E114DEDEED31}.Debug|x86.Build.0 = Debug|Any CPU
		{3F11B5E6-4E5A-4901-B00A-E114DEDEED31}.Release|Any CPU.ActiveCfg = Release|Any CPU
		{3F11B5E6-4E5A-4901-B00A-E114DEDEED31}.Release|Any CPU.Build.0 = Release|Any CPU
		{3F11B5E6-4E5A-4901-B00A-E114DEDEED31}.Release|x64.ActiveCfg = Release|Any CPU
		{3F11B5E6-4E5A-4901-B00A-E114DEDEED31}.Release|x64.Build.0 = Release|Any CPU
		{3F11B5E6-4E5A-4901-B00A-E114DEDEED31}.Release|x86.ActiveCfg = Release|Any CPU
		{3F11B5E6-4E5A-4901-B00A-E114DEDEED31}.Release|x86.Build.0 = Release|Any CPU
		{D2932BD7-5090-42E8-9AE2-D58E213F0F8C}.Debug|Any CPU.ActiveCfg = Debug|Any CPU
		{D2932BD7-5090-42E8-9AE2-D58E213F0F8C}.Debug|Any CPU.Build.0 = Debug|Any CPU
		{D2932BD7-5090-42E8-9AE2-D58E213F0F8C}.Debug|x64.ActiveCfg = Debug|Any CPU
		{D2932BD7-5090-42E8-9AE2-D58E213F0F8C}.Debug|x64.Build.0 = Debug|Any CPU
		{D2932BD7-5090-42E8-9AE2-D58E213F0F8C}.Debug|x86.ActiveCfg = Debug|Any CPU
		{D2932BD7-5090-42E8-9AE2-D58E213F0F8C}.Debug|x86.Build.0 = Debug|Any CPU
		{D2932BD7-5090-42E8-9AE2-D58E213F0F8C}.Release|Any CPU.ActiveCfg = Release|Any CPU
		{D2932BD7-5090-42E8-9AE2-D58E213F0F8C}.Release|Any CPU.Build.0 = Release|Any CPU
		{D2932BD7-5090-42E8-9AE2-D58E213F0F8C}.Release|x64.ActiveCfg = Release|Any CPU
		{D2932BD7-5090-42E8-9AE2-D58E213F0F8C}.Release|x64.Build.0 = Release|Any CPU
		{D2932BD7-5090-42E8-9AE2-D58E213F0F8C}.Release|x86.ActiveCfg = Release|Any CPU
		{D2932BD7-5090-42E8-9AE2-D58E213F0F8C}.Release|x86.Build.0 = Release|Any CPU
		{DBFF9CCB-D596-49AC-8F73-62A22AD5F31D}.Debug|Any CPU.ActiveCfg = Debug|Any CPU
		{DBFF9CCB-D596-49AC-8F73-62A22AD5F31D}.Debug|Any CPU.Build.0 = Debug|Any CPU
		{DBFF9CCB-D596-49AC-8F73-62A22AD5F31D}.Debug|x64.ActiveCfg = Debug|Any CPU
		{DBFF9CCB-D596-49AC-8F73-62A22AD5F31D}.Debug|x64.Build.0 = Debug|Any CPU
		{DBFF9CCB-D596-49AC-8F73-62A22AD5F31D}.Debug|x86.ActiveCfg = Debug|Any CPU
		{DBFF9CCB-D596-49AC-8F73-62A22AD5F31D}.Debug|x86.Build.0 = Debug|Any CPU
		{DBFF9CCB-D596-49AC-8F73-62A22AD5F31D}.Release|Any CPU.ActiveCfg = Release|Any CPU
		{DBFF9CCB-D596-49AC-8F73-62A22AD5F31D}.Release|Any CPU.Build.0 = Release|Any CPU
		{DBFF9CCB-D596-49AC-8F73-62A22AD5F31D}.Release|x64.ActiveCfg = Release|Any CPU
		{DBFF9CCB-D596-49AC-8F73-62A22AD5F31D}.Release|x64.Build.0 = Release|Any CPU
		{DBFF9CCB-D596-49AC-8F73-62A22AD5F31D}.Release|x86.ActiveCfg = Release|Any CPU
		{DBFF9CCB-D596-49AC-8F73-62A22AD5F31D}.Release|x86.Build.0 = Release|Any CPU
		{84E91404-E3C7-46D2-812A-E0BA35624D90}.Debug|Any CPU.ActiveCfg = Debug|Any CPU
		{84E91404-E3C7-46D2-812A-E0BA35624D90}.Debug|Any CPU.Build.0 = Debug|Any CPU
		{84E91404-E3C7-46D2-812A-E0BA35624D90}.Debug|x64.ActiveCfg = Debug|Any CPU
		{84E91404-E3C7-46D2-812A-E0BA35624D90}.Debug|x64.Build.0 = Debug|Any CPU
		{84E91404-E3C7-46D2-812A-E0BA35624D90}.Debug|x86.ActiveCfg = Debug|Any CPU
		{84E91404-E3C7-46D2-812A-E0BA35624D90}.Debug|x86.Build.0 = Debug|Any CPU
		{84E91404-E3C7-46D2-812A-E0BA35624D90}.Release|Any CPU.ActiveCfg = Release|Any CPU
		{84E91404-E3C7-46D2-812A-E0BA35624D90}.Release|Any CPU.Build.0 = Release|Any CPU
		{84E91404-E3C7-46D2-812A-E0BA35624D90}.Release|x64.ActiveCfg = Release|Any CPU
		{84E91404-E3C7-46D2-812A-E0BA35624D90}.Release|x64.Build.0 = Release|Any CPU
		{84E91404-E3C7-46D2-812A-E0BA35624D90}.Release|x86.ActiveCfg = Release|Any CPU
		{84E91404-E3C7-46D2-812A-E0BA35624D90}.Release|x86.Build.0 = Release|Any CPU
		{FD011C8A-F965-4774-9248-98654E68618D}.Debug|Any CPU.ActiveCfg = Debug|Any CPU
		{FD011C8A-F965-4774-9248-98654E68618D}.Debug|Any CPU.Build.0 = Debug|Any CPU
		{FD011C8A-F965-4774-9248-98654E68618D}.Debug|x64.ActiveCfg = Debug|Any CPU
		{FD011C8A-F965-4774-9248-98654E68618D}.Debug|x64.Build.0 = Debug|Any CPU
		{FD011C8A-F965-4774-9248-98654E68618D}.Debug|x86.ActiveCfg = Debug|Any CPU
		{FD011C8A-F965-4774-9248-98654E68618D}.Debug|x86.Build.0 = Debug|Any CPU
		{FD011C8A-F965-4774-9248-98654E68618D}.Release|Any CPU.ActiveCfg = Release|Any CPU
		{FD011C8A-F965-4774-9248-98654E68618D}.Release|Any CPU.Build.0 = Release|Any CPU
		{FD011C8A-F965-4774-9248-98654E68618D}.Release|x64.ActiveCfg = Release|Any CPU
		{FD011C8A-F965-4774-9248-98654E68618D}.Release|x64.Build.0 = Release|Any CPU
		{FD011C8A-F965-4774-9248-98654E68618D}.Release|x86.ActiveCfg = Release|Any CPU
		{FD011C8A-F965-4774-9248-98654E68618D}.Release|x86.Build.0 = Release|Any CPU
		{0051BF08-78AC-4FBE-B9C7-AAD3A660CA2B}.Debug|Any CPU.ActiveCfg = Debug|Any CPU
		{0051BF08-78AC-4FBE-B9C7-AAD3A660CA2B}.Debug|Any CPU.Build.0 = Debug|Any CPU
		{0051BF08-78AC-4FBE-B9C7-AAD3A660CA2B}.Debug|x64.ActiveCfg = Debug|Any CPU
		{0051BF08-78AC-4FBE-B9C7-AAD3A660CA2B}.Debug|x64.Build.0 = Debug|Any CPU
		{0051BF08-78AC-4FBE-B9C7-AAD3A660CA2B}.Debug|x86.ActiveCfg = Debug|Any CPU
		{0051BF08-78AC-4FBE-B9C7-AAD3A660CA2B}.Debug|x86.Build.0 = Debug|Any CPU
		{0051BF08-78AC-4FBE-B9C7-AAD3A660CA2B}.Release|Any CPU.ActiveCfg = Release|Any CPU
		{0051BF08-78AC-4FBE-B9C7-AAD3A660CA2B}.Release|Any CPU.Build.0 = Release|Any CPU
		{0051BF08-78AC-4FBE-B9C7-AAD3A660CA2B}.Release|x64.ActiveCfg = Release|Any CPU
		{0051BF08-78AC-4FBE-B9C7-AAD3A660CA2B}.Release|x64.Build.0 = Release|Any CPU
		{0051BF08-78AC-4FBE-B9C7-AAD3A660CA2B}.Release|x86.ActiveCfg = Release|Any CPU
		{0051BF08-78AC-4FBE-B9C7-AAD3A660CA2B}.Release|x86.Build.0 = Release|Any CPU
		{0A63CB9E-5C52-4E09-A522-E314EAB7E72A}.Debug|Any CPU.ActiveCfg = Debug|Any CPU
		{0A63CB9E-5C52-4E09-A522-E314EAB7E72A}.Debug|Any CPU.Build.0 = Debug|Any CPU
		{0A63CB9E-5C52-4E09-A522-E314EAB7E72A}.Debug|x64.ActiveCfg = Debug|Any CPU
		{0A63CB9E-5C52-4E09-A522-E314EAB7E72A}.Debug|x64.Build.0 = Debug|Any CPU
		{0A63CB9E-5C52-4E09-A522-E314EAB7E72A}.Debug|x86.ActiveCfg = Debug|Any CPU
		{0A63CB9E-5C52-4E09-A522-E314EAB7E72A}.Debug|x86.Build.0 = Debug|Any CPU
		{0A63CB9E-5C52-4E09-A522-E314EAB7E72A}.Release|Any CPU.ActiveCfg = Release|Any CPU
		{0A63CB9E-5C52-4E09-A522-E314EAB7E72A}.Release|Any CPU.Build.0 = Release|Any CPU
		{0A63CB9E-5C52-4E09-A522-E314EAB7E72A}.Release|x64.ActiveCfg = Release|Any CPU
		{0A63CB9E-5C52-4E09-A522-E314EAB7E72A}.Release|x64.Build.0 = Release|Any CPU
		{0A63CB9E-5C52-4E09-A522-E314EAB7E72A}.Release|x86.ActiveCfg = Release|Any CPU
		{0A63CB9E-5C52-4E09-A522-E314EAB7E72A}.Release|x86.Build.0 = Release|Any CPU
		{83F552DF-314A-4685-9EB0-2560B4FDC355}.Debug|Any CPU.ActiveCfg = Debug|Any CPU
		{83F552DF-314A-4685-9EB0-2560B4FDC355}.Debug|Any CPU.Build.0 = Debug|Any CPU
		{83F552DF-314A-4685-9EB0-2560B4FDC355}.Debug|x64.ActiveCfg = Debug|Any CPU
		{83F552DF-314A-4685-9EB0-2560B4FDC355}.Debug|x64.Build.0 = Debug|Any CPU
		{83F552DF-314A-4685-9EB0-2560B4FDC355}.Debug|x86.ActiveCfg = Debug|Any CPU
		{83F552DF-314A-4685-9EB0-2560B4FDC355}.Debug|x86.Build.0 = Debug|Any CPU
		{83F552DF-314A-4685-9EB0-2560B4FDC355}.Release|Any CPU.ActiveCfg = Release|Any CPU
		{83F552DF-314A-4685-9EB0-2560B4FDC355}.Release|Any CPU.Build.0 = Release|Any CPU
		{83F552DF-314A-4685-9EB0-2560B4FDC355}.Release|x64.ActiveCfg = Release|Any CPU
		{83F552DF-314A-4685-9EB0-2560B4FDC355}.Release|x64.Build.0 = Release|Any CPU
		{83F552DF-314A-4685-9EB0-2560B4FDC355}.Release|x86.ActiveCfg = Release|Any CPU
		{83F552DF-314A-4685-9EB0-2560B4FDC355}.Release|x86.Build.0 = Release|Any CPU
		{89263C89-6FD6-4931-9762-F5094946CFC8}.Debug|Any CPU.ActiveCfg = Debug|Any CPU
		{89263C89-6FD6-4931-9762-F5094946CFC8}.Debug|Any CPU.Build.0 = Debug|Any CPU
		{89263C89-6FD6-4931-9762-F5094946CFC8}.Debug|x64.ActiveCfg = Debug|Any CPU
		{89263C89-6FD6-4931-9762-F5094946CFC8}.Debug|x64.Build.0 = Debug|Any CPU
		{89263C89-6FD6-4931-9762-F5094946CFC8}.Debug|x86.ActiveCfg = Debug|Any CPU
		{89263C89-6FD6-4931-9762-F5094946CFC8}.Debug|x86.Build.0 = Debug|Any CPU
		{89263C89-6FD6-4931-9762-F5094946CFC8}.Release|Any CPU.ActiveCfg = Release|Any CPU
		{89263C89-6FD6-4931-9762-F5094946CFC8}.Release|Any CPU.Build.0 = Release|Any CPU
		{89263C89-6FD6-4931-9762-F5094946CFC8}.Release|x64.ActiveCfg = Release|Any CPU
		{89263C89-6FD6-4931-9762-F5094946CFC8}.Release|x64.Build.0 = Release|Any CPU
		{89263C89-6FD6-4931-9762-F5094946CFC8}.Release|x86.ActiveCfg = Release|Any CPU
		{89263C89-6FD6-4931-9762-F5094946CFC8}.Release|x86.Build.0 = Release|Any CPU
		{A77A9D88-6274-49C0-845D-92AFA83662AE}.Debug|Any CPU.ActiveCfg = Debug|Any CPU
		{A77A9D88-6274-49C0-845D-92AFA83662AE}.Debug|Any CPU.Build.0 = Debug|Any CPU
		{A77A9D88-6274-49C0-845D-92AFA83662AE}.Debug|x64.ActiveCfg = Debug|Any CPU
		{A77A9D88-6274-49C0-845D-92AFA83662AE}.Debug|x64.Build.0 = Debug|Any CPU
		{A77A9D88-6274-49C0-845D-92AFA83662AE}.Debug|x86.ActiveCfg = Debug|Any CPU
		{A77A9D88-6274-49C0-845D-92AFA83662AE}.Debug|x86.Build.0 = Debug|Any CPU
		{A77A9D88-6274-49C0-845D-92AFA83662AE}.Release|Any CPU.ActiveCfg = Release|Any CPU
		{A77A9D88-6274-49C0-845D-92AFA83662AE}.Release|Any CPU.Build.0 = Release|Any CPU
		{A77A9D88-6274-49C0-845D-92AFA83662AE}.Release|x64.ActiveCfg = Release|Any CPU
		{A77A9D88-6274-49C0-845D-92AFA83662AE}.Release|x64.Build.0 = Release|Any CPU
		{A77A9D88-6274-49C0-845D-92AFA83662AE}.Release|x86.ActiveCfg = Release|Any CPU
		{A77A9D88-6274-49C0-845D-92AFA83662AE}.Release|x86.Build.0 = Release|Any CPU
		{ED4A48BB-A601-485D-91E2-62CA3179F988}.Debug|Any CPU.ActiveCfg = Debug|Any CPU
		{ED4A48BB-A601-485D-91E2-62CA3179F988}.Debug|Any CPU.Build.0 = Debug|Any CPU
		{ED4A48BB-A601-485D-91E2-62CA3179F988}.Debug|x64.ActiveCfg = Debug|Any CPU
		{ED4A48BB-A601-485D-91E2-62CA3179F988}.Debug|x64.Build.0 = Debug|Any CPU
		{ED4A48BB-A601-485D-91E2-62CA3179F988}.Debug|x86.ActiveCfg = Debug|Any CPU
		{ED4A48BB-A601-485D-91E2-62CA3179F988}.Debug|x86.Build.0 = Debug|Any CPU
		{ED4A48BB-A601-485D-91E2-62CA3179F988}.Release|Any CPU.ActiveCfg = Release|Any CPU
		{ED4A48BB-A601-485D-91E2-62CA3179F988}.Release|Any CPU.Build.0 = Release|Any CPU
		{ED4A48BB-A601-485D-91E2-62CA3179F988}.Release|x64.ActiveCfg = Release|Any CPU
		{ED4A48BB-A601-485D-91E2-62CA3179F988}.Release|x64.Build.0 = Release|Any CPU
		{ED4A48BB-A601-485D-91E2-62CA3179F988}.Release|x86.ActiveCfg = Release|Any CPU
		{ED4A48BB-A601-485D-91E2-62CA3179F988}.Release|x86.Build.0 = Release|Any CPU
		{F16DEEC2-2C62-464E-A527-8641CE9C4CB1}.Debug|Any CPU.ActiveCfg = Debug|Any CPU
		{F16DEEC2-2C62-464E-A527-8641CE9C4CB1}.Debug|Any CPU.Build.0 = Debug|Any CPU
		{F16DEEC2-2C62-464E-A527-8641CE9C4CB1}.Debug|x64.ActiveCfg = Debug|Any CPU
		{F16DEEC2-2C62-464E-A527-8641CE9C4CB1}.Debug|x64.Build.0 = Debug|Any CPU
		{F16DEEC2-2C62-464E-A527-8641CE9C4CB1}.Debug|x86.ActiveCfg = Debug|Any CPU
		{F16DEEC2-2C62-464E-A527-8641CE9C4CB1}.Debug|x86.Build.0 = Debug|Any CPU
		{F16DEEC2-2C62-464E-A527-8641CE9C4CB1}.Release|Any CPU.ActiveCfg = Release|Any CPU
		{F16DEEC2-2C62-464E-A527-8641CE9C4CB1}.Release|Any CPU.Build.0 = Release|Any CPU
		{F16DEEC2-2C62-464E-A527-8641CE9C4CB1}.Release|x64.ActiveCfg = Release|Any CPU
		{F16DEEC2-2C62-464E-A527-8641CE9C4CB1}.Release|x64.Build.0 = Release|Any CPU
		{F16DEEC2-2C62-464E-A527-8641CE9C4CB1}.Release|x86.ActiveCfg = Release|Any CPU
		{F16DEEC2-2C62-464E-A527-8641CE9C4CB1}.Release|x86.Build.0 = Release|Any CPU
	EndGlobalSection
	GlobalSection(SolutionProperties) = preSolution
		HideSolutionNode = FALSE
	EndGlobalSection
	GlobalSection(NestedProjects) = preSolution
		{061083F6-AC1D-4765-BEB5-E758BC3E5310} = {B392A7FC-B7EC-4F15-8ECF-F581A058B927}
		{EBCB0E1A-5F48-4494-8C90-88A60E24DBE3} = {B392A7FC-B7EC-4F15-8ECF-F581A058B927}
		{73A23A72-D039-4435-9D36-E5531F55B0E2} = {B392A7FC-B7EC-4F15-8ECF-F581A058B927}
		{6674442D-C15A-43C9-B242-BFCB67C9087E} = {B392A7FC-B7EC-4F15-8ECF-F581A058B927}
		{3F11B5E6-4E5A-4901-B00A-E114DEDEED31} = {67821840-5006-4989-B014-A53B10BB76AC}
		{D2932BD7-5090-42E8-9AE2-D58E213F0F8C} = {67821840-5006-4989-B014-A53B10BB76AC}
		{DBFF9CCB-D596-49AC-8F73-62A22AD5F31D} = {67821840-5006-4989-B014-A53B10BB76AC}
		{84E91404-E3C7-46D2-812A-E0BA35624D90} = {67821840-5006-4989-B014-A53B10BB76AC}
		{FD011C8A-F965-4774-9248-98654E68618D} = {67821840-5006-4989-B014-A53B10BB76AC}
		{0051BF08-78AC-4FBE-B9C7-AAD3A660CA2B} = {9FB00275-963F-427C-810E-F7BD21D05613}
		{0A63CB9E-5C52-4E09-A522-E314EAB7E72A} = {9FB00275-963F-427C-810E-F7BD21D05613}
		{83F552DF-314A-4685-9EB0-2560B4FDC355} = {9FB00275-963F-427C-810E-F7BD21D05613}
		{89263C89-6FD6-4931-9762-F5094946CFC8} = {F124595C-5958-4BF6-8619-41F7FF1BC932}
		{A77A9D88-6274-49C0-845D-92AFA83662AE} = {F124595C-5958-4BF6-8619-41F7FF1BC932}
		{ED4A48BB-A601-485D-91E2-62CA3179F988} = {F124595C-5958-4BF6-8619-41F7FF1BC932}
		{F16DEEC2-2C62-464E-A527-8641CE9C4CB1} = {F124595C-5958-4BF6-8619-41F7FF1BC932}
	EndGlobalSection
	GlobalSection(ExtensibilityGlobals) = postSolution
		SolutionGuid = {D5016E34-CE20-4E3F-8428-292DEEF43940}
	EndGlobalSection
EndGlobal
