
Microsoft Visual Studio Solution File, Format Version 12.00
# Visual Studio 15
VisualStudioVersion = 15.0.26124.0
MinimumVisualStudioVersion = 15.0.26124.0
Project("{6EC3EE1D-3C4E-46DD-8F32-0CC8E7565705}") = "Day1.1", "Day1.1\Day1.1.fsproj", "{061083F6-AC1D-4765-BEB5-E758BC3E5310}"
EndProject
Project("{6EC3EE1D-3C4E-46DD-8F32-0CC8E7565705}") = "Day1.2.Tests", "Tests\Day1.2.Tests\Day1.2.Tests.fsproj", "{EBCB0E1A-5F48-4494-8C90-88A60E24DBE3}"
EndProject
Project("{6EC3EE1D-3C4E-46DD-8F32-0CC8E7565705}") = "Day1.2", "Day1.2\Day1.2.fsproj", "{73A23A72-D039-4435-9D36-E5531F55B0E2}"
EndProject
Project("{9A19103F-16F7-4668-BE54-9A1E7A4F7556}") = "Day1.2.csharp", "Day1.2.csharp\Day1.2.csharp.csproj", "{6674442D-C15A-43C9-B242-BFCB67C9087E}"
EndProject
Project("{6EC3EE1D-3C4E-46DD-8F32-0CC8E7565705}") = "Day2.1", "Day2.1\Day2.1.fsproj", "{3F11B5E6-4E5A-4901-B00A-E114DEDEED31}"
EndProject
Project("{2150E333-8FDC-42A3-9474-1A3956D46DE8}") = "Day1", "Day1", "{B392A7FC-B7EC-4F15-8ECF-F581A058B927}"
EndProject
Project("{2150E333-8FDC-42A3-9474-1A3956D46DE8}") = "Day2", "Day2", "{67821840-5006-4989-B014-A53B10BB76AC}"
EndProject
Project("{6EC3EE1D-3C4E-46DD-8F32-0CC8E7565705}") = "Day2.1.Tests", "Day2.1.Tests\Day2.1.Tests.fsproj", "{D2932BD7-5090-42E8-9AE2-D58E213F0F8C}"
EndProject
Project("{9A19103F-16F7-4668-BE54-9A1E7A4F7556}") = "Day2.1.csharp", "Day2.1.csharp\Day2.1.csharp.csproj", "{DBFF9CCB-D596-49AC-8F73-62A22AD5F31D}"
EndProject
Project("{9A19103F-16F7-4668-BE54-9A1E7A4F7556}") = "Day2.2.csharp", "Day2.2.csharp\Day2.2.csharp.csproj", "{84E91404-E3C7-46D2-812A-E0BA35624D90}"
EndProject
Project("{9A19103F-16F7-4668-BE54-9A1E7A4F7556}") = "Day2.2.csharp.Tests", "Day2.2.csharp.Tests\Day2.2.csharp.Tests.csproj", "{FD011C8A-F965-4774-9248-98654E68618D}"
EndProject
Project("{2150E333-8FDC-42A3-9474-1A3956D46DE8}") = "Day3", "Day3", "{9FB00275-963F-427C-810E-F7BD21D05613}"
EndProject
Project("{9A19103F-16F7-4668-BE54-9A1E7A4F7556}") = "Day3.1.csharp.Tests", "Day3.1.csharp.Tests\Day3.1.csharp.Tests.csproj", "{0051BF08-78AC-4FBE-B9C7-AAD3A660CA2B}"
EndProject
Project("{9A19103F-16F7-4668-BE54-9A1E7A4F7556}") = "Day3.1.csharp", "Day3.1.csharp\Day3.1.csharp.csproj", "{0A63CB9E-5C52-4E09-A522-E314EAB7E72A}"
EndProject
Project("{9A19103F-16F7-4668-BE54-9A1E7A4F7556}") = "Day3.2.csharp", "Day3.2.csharp\Day3.2.csharp.csproj", "{83F552DF-314A-4685-9EB0-2560B4FDC355}"
EndProject
Project("{2150E333-8FDC-42A3-9474-1A3956D46DE8}") = "Day4", "Day4", "{F124595C-5958-4BF6-8619-41F7FF1BC932}"
EndProject
Project("{6EC3EE1D-3C4E-46DD-8F32-0CC8E7565705}") = "Day4.1", "Day4.1\Day4.1.fsproj", "{89263C89-6FD6-4931-9762-F5094946CFC8}"
EndProject
Project("{6EC3EE1D-3C4E-46DD-8F32-0CC8E7565705}") = "Day4.1.Tests", "Day4.1.Tests\Day4.1.Tests.fsproj", "{A77A9D88-6274-49C0-845D-92AFA83662AE}"
EndProject
Project("{9A19103F-16F7-4668-BE54-9A1E7A4F7556}") = "Day4.1.csharp", "Day4.1.csharp\Day4.1.csharp.csproj", "{ED4A48BB-A601-485D-91E2-62CA3179F988}"
EndProject
Project("{9A19103F-16F7-4668-BE54-9A1E7A4F7556}") = "Day4.1.csharp.Tests", "Day4.1.csharp.Tests\Day4.1.csharp.Tests.csproj", "{F16DEEC2-2C62-464E-A527-8641CE9C4CB1}"
EndProject
Project("{2150E333-8FDC-42A3-9474-1A3956D46DE8}") = "Day5", "Day5", "{ABA693A7-7D87-4F3F-A927-EC8984553FB5}"
EndProject
Project("{9A19103F-16F7-4668-BE54-9A1E7A4F7556}") = "Day5.1.csharp", "Day5.1.csharp\Day5.1.csharp.csproj", "{129311B6-C6AC-4FA7-8C26-1EA0A84084A9}"
EndProject
Project("{9A19103F-16F7-4668-BE54-9A1E7A4F7556}") = "Day5.1.csharp.Tests", "Day5.1.csharp.Tests\Day5.1.csharp.Tests.csproj", "{41D7DB4B-A5D6-4A41-9F5F-A234AFB96DB7}"
EndProject
Project("{9A19103F-16F7-4668-BE54-9A1E7A4F7556}") = "Day5.2.csharp", "Day5.2.csharp\Day5.2.csharp.csproj", "{B4D4CBE2-2B10-4B63-92FC-9E93477F59D7}"
EndProject
Project("{9A19103F-16F7-4668-BE54-9A1E7A4F7556}") = "Day5.2.csharp.Tests", "Day5.2.csharp.Tests\Day5.2.csharp.Tests.csproj", "{93F0E8D2-CF35-4A3C-9A15-744BB3F5F3D4}"
EndProject
Project("{2150E333-8FDC-42A3-9474-1A3956D46DE8}") = "Day6", "Day6", "{795F4BA3-ABF2-40B8-B2AC-399D5C92CFCC}"
EndProject
Project("{9A19103F-16F7-4668-BE54-9A1E7A4F7556}") = "Day6.1.csharp.Tests", "Day6.1.csharp.Tests\Day6.1.csharp.Tests.csproj", "{B8F86E97-7F3B-4D32-8B76-E7B9799BC5C4}"
EndProject
Project("{9A19103F-16F7-4668-BE54-9A1E7A4F7556}") = "Day6.1.csharp", "Day6.1.csharp\Day6.1.csharp.csproj", "{C6FCF65C-4AFD-4EBA-BDB6-A6CB82C92491}"
EndProject
Project("{2150E333-8FDC-42A3-9474-1A3956D46DE8}") = "Day7", "Day7", "{3B9BC634-26C9-4CAA-8932-AFF644349CFF}"
EndProject
Project("{9A19103F-16F7-4668-BE54-9A1E7A4F7556}") = "Day7.1.csharp", "Day7.1.csharp\Day7.1.csharp.csproj", "{EEF1630E-68D0-4D43-9EC7-5C379D37F861}"
EndProject
Project("{9A19103F-16F7-4668-BE54-9A1E7A4F7556}") = "Day7.1.csharp.Tests", "Day7.1.csharp.Tests\Day7.1.csharp.Tests.csproj", "{D5DD356B-1A1F-4A10-AD19-2579D0531D31}"
EndProject
Project("{9A19103F-16F7-4668-BE54-9A1E7A4F7556}") = "Day6.2.csharp", "Day6.2.csharp\Day6.2.csharp.csproj", "{A0B99384-04DB-4A42-9DBC-1C5360DBF70C}"
EndProject
Project("{9A19103F-16F7-4668-BE54-9A1E7A4F7556}") = "Day7.2.csharp", "Day7.2.csharp\Day7.2.csharp.csproj", "{9D2C25F9-C641-431C-8B74-8DE093B89F6B}"
EndProject
Project("{9A19103F-16F7-4668-BE54-9A1E7A4F7556}") = "Day7.2.csharp.Tests", "Day7.2.csharp.Tests\Day7.2.csharp.Tests.csproj", "{97592D68-895B-41EA-81C9-2D61C121B1D8}"
EndProject
Project("{2150E333-8FDC-42A3-9474-1A3956D46DE8}") = "Day8", "Day8", "{21F02B2D-930D-4F46-8C5F-3F135E7E2F3E}"
EndProject
Project("{9A19103F-16F7-4668-BE54-9A1E7A4F7556}") = "Day8.1.csharp.Tests", "Day8.1.Tests\Day8.1.csharp.Tests.csproj", "{27E368D0-717A-43E3-92D2-C17A11F09CC8}"
EndProject
Project("{9A19103F-16F7-4668-BE54-9A1E7A4F7556}") = "Day8.1.csharp", "Day8.1.csharp\Day8.1.csharp.csproj", "{C9169B9B-7F1F-4220-A3A2-5AA368B72EE8}"
EndProject
Project("{2150E333-8FDC-42A3-9474-1A3956D46DE8}") = "Day9", "Day9", "{49B8EE36-8673-4B6E-983A-239A1EC5DC59}"
EndProject
Project("{9A19103F-16F7-4668-BE54-9A1E7A4F7556}") = "Day9.1.csharp", "Day9.1.csharp\Day9.1.csharp.csproj", "{6377CE06-F288-4353-BEE2-2B8E554D0CFE}"
EndProject
Project("{9A19103F-16F7-4668-BE54-9A1E7A4F7556}") = "Day9.1.csharp.Tests", "Day9.1.csharp.Tests\Day9.1.csharp.Tests.csproj", "{2FE2EF92-FEA7-4D97-BC26-25BE3818F406}"
EndProject
Project("{2150E333-8FDC-42A3-9474-1A3956D46DE8}") = "Day10", "Day10", "{699EA221-3667-4521-9CA9-CA02A170AF91}"
EndProject
Project("{9A19103F-16F7-4668-BE54-9A1E7A4F7556}") = "Day10.csharp", "Day10.csharp\Day10.csharp.csproj", "{B4FA3936-EEAE-40A7-82CA-0846C1C73CB5}"
EndProject
Project("{9A19103F-16F7-4668-BE54-9A1E7A4F7556}") = "Day10.csharp.Tests", "Day10.csharp.Tests\Day10.csharp.Tests.csproj", "{C037B8AC-DEEE-4276-ACAA-C03887CE1FB9}"
EndProject
Project("{2150E333-8FDC-42A3-9474-1A3956D46DE8}") = "Day11", "Day11", "{EC9F2DF0-4300-4D91-9ACB-22043D1745F7}"
EndProject
Project("{9A19103F-16F7-4668-BE54-9A1E7A4F7556}") = "Day11.1.csharp", "Day11.1.csharp\Day11.1.csharp.csproj", "{CB79868E-A015-4182-BF64-66C53A04259C}"
EndProject
Project("{9A19103F-16F7-4668-BE54-9A1E7A4F7556}") = "Day11.1.csharp.Tests", "Day11.1.csharp.Tests\Day11.1.csharp.Tests.csproj", "{9807E972-5B73-44E0-A445-C6F9C6DB86E0}"
EndProject
Project("{2150E333-8FDC-42A3-9474-1A3956D46DE8}") = "Day12", "Day12", "{F8AB2EE5-97A7-4CDD-A36F-E5227DB6C788}"
EndProject
Project("{9A19103F-16F7-4668-BE54-9A1E7A4F7556}") = "Day12.1.csharp", "Day12.1.csharp\Day12.1.csharp.csproj", "{187CF2C5-BBB4-454D-951A-BB52C5EF93C8}"
EndProject
Project("{9A19103F-16F7-4668-BE54-9A1E7A4F7556}") = "Day12.1.csharp.Tests", "Day12.1.csharp.Tests\Day12.1.csharp.Tests.csproj", "{F96F9CEF-4776-4D78-88D2-96F7A1C4A734}"
EndProject
Project("{2150E333-8FDC-42A3-9474-1A3956D46DE8}") = "Day14", "Day14", "{399071F5-6D8B-4FE7-BFB6-E89B092A93E7}"
EndProject
Project("{FAE04EC0-301F-11D3-BF4B-00C04F79EFBC}") = "Day14.1.csharp.Tests", "Day14.1.csharp.Tests\Day14.1.csharp.Tests.csproj", "{B6FBEF63-1FDF-43EA-9052-8E4A71AC0026}"
EndProject
Project("{FAE04EC0-301F-11D3-BF4B-00C04F79EFBC}") = "Day14.1.csharp", "Day14.1.csharp\Day14.1.csharp.csproj", "{347D5A1C-9F69-412D-B06D-F9F82E1B5A9B}"
EndProject
Project("{2150E333-8FDC-42A3-9474-1A3956D46DE8}") = "Day13", "Day13", "{6A79C53B-1492-40E4-99BC-22CE3043EF1E}"
EndProject
Project("{FAE04EC0-301F-11D3-BF4B-00C04F79EFBC}") = "Day13.1.csharp", "Day13.1.csharp\Day13.1.csharp.csproj", "{B00CDE52-9B4C-4ABA-A687-5DE65BA44F22}"
EndProject
Project("{FAE04EC0-301F-11D3-BF4B-00C04F79EFBC}") = "Day13.1.csharp.Tests", "Day13.1.csharp.Tests\Day13.1.csharp.Tests.csproj", "{5DBD4A6E-A896-4099-BDB4-89A8B21C9C06}"
EndProject
Global
	GlobalSection(SolutionConfigurationPlatforms) = preSolution
		Debug|Any CPU = Debug|Any CPU
		Debug|x64 = Debug|x64
		Debug|x86 = Debug|x86
		Release|Any CPU = Release|Any CPU
		Release|x64 = Release|x64
		Release|x86 = Release|x86
	EndGlobalSection
	GlobalSection(ProjectConfigurationPlatforms) = postSolution
		{061083F6-AC1D-4765-BEB5-E758BC3E5310}.Debug|Any CPU.ActiveCfg = Debug|Any CPU
		{061083F6-AC1D-4765-BEB5-E758BC3E5310}.Debug|Any CPU.Build.0 = Debug|Any CPU
		{061083F6-AC1D-4765-BEB5-E758BC3E5310}.Debug|x64.ActiveCfg = Debug|Any CPU
		{061083F6-AC1D-4765-BEB5-E758BC3E5310}.Debug|x64.Build.0 = Debug|Any CPU
		{061083F6-AC1D-4765-BEB5-E758BC3E5310}.Debug|x86.ActiveCfg = Debug|Any CPU
		{061083F6-AC1D-4765-BEB5-E758BC3E5310}.Debug|x86.Build.0 = Debug|Any CPU
		{061083F6-AC1D-4765-BEB5-E758BC3E5310}.Release|Any CPU.ActiveCfg = Release|Any CPU
		{061083F6-AC1D-4765-BEB5-E758BC3E5310}.Release|Any CPU.Build.0 = Release|Any CPU
		{061083F6-AC1D-4765-BEB5-E758BC3E5310}.Release|x64.ActiveCfg = Release|Any CPU
		{061083F6-AC1D-4765-BEB5-E758BC3E5310}.Release|x64.Build.0 = Release|Any CPU
		{061083F6-AC1D-4765-BEB5-E758BC3E5310}.Release|x86.ActiveCfg = Release|Any CPU
		{061083F6-AC1D-4765-BEB5-E758BC3E5310}.Release|x86.Build.0 = Release|Any CPU
		{EBCB0E1A-5F48-4494-8C90-88A60E24DBE3}.Debug|Any CPU.ActiveCfg = Debug|Any CPU
		{EBCB0E1A-5F48-4494-8C90-88A60E24DBE3}.Debug|Any CPU.Build.0 = Debug|Any CPU
		{EBCB0E1A-5F48-4494-8C90-88A60E24DBE3}.Debug|x64.ActiveCfg = Debug|Any CPU
		{EBCB0E1A-5F48-4494-8C90-88A60E24DBE3}.Debug|x64.Build.0 = Debug|Any CPU
		{EBCB0E1A-5F48-4494-8C90-88A60E24DBE3}.Debug|x86.ActiveCfg = Debug|Any CPU
		{EBCB0E1A-5F48-4494-8C90-88A60E24DBE3}.Debug|x86.Build.0 = Debug|Any CPU
		{EBCB0E1A-5F48-4494-8C90-88A60E24DBE3}.Release|Any CPU.ActiveCfg = Release|Any CPU
		{EBCB0E1A-5F48-4494-8C90-88A60E24DBE3}.Release|Any CPU.Build.0 = Release|Any CPU
		{EBCB0E1A-5F48-4494-8C90-88A60E24DBE3}.Release|x64.ActiveCfg = Release|Any CPU
		{EBCB0E1A-5F48-4494-8C90-88A60E24DBE3}.Release|x64.Build.0 = Release|Any CPU
		{EBCB0E1A-5F48-4494-8C90-88A60E24DBE3}.Release|x86.ActiveCfg = Release|Any CPU
		{EBCB0E1A-5F48-4494-8C90-88A60E24DBE3}.Release|x86.Build.0 = Release|Any CPU
		{73A23A72-D039-4435-9D36-E5531F55B0E2}.Debug|Any CPU.ActiveCfg = Debug|Any CPU
		{73A23A72-D039-4435-9D36-E5531F55B0E2}.Debug|Any CPU.Build.0 = Debug|Any CPU
		{73A23A72-D039-4435-9D36-E5531F55B0E2}.Debug|x64.ActiveCfg = Debug|Any CPU
		{73A23A72-D039-4435-9D36-E5531F55B0E2}.Debug|x64.Build.0 = Debug|Any CPU
		{73A23A72-D039-4435-9D36-E5531F55B0E2}.Debug|x86.ActiveCfg = Debug|Any CPU
		{73A23A72-D039-4435-9D36-E5531F55B0E2}.Debug|x86.Build.0 = Debug|Any CPU
		{73A23A72-D039-4435-9D36-E5531F55B0E2}.Release|Any CPU.ActiveCfg = Release|Any CPU
		{73A23A72-D039-4435-9D36-E5531F55B0E2}.Release|Any CPU.Build.0 = Release|Any CPU
		{73A23A72-D039-4435-9D36-E5531F55B0E2}.Release|x64.ActiveCfg = Release|Any CPU
		{73A23A72-D039-4435-9D36-E5531F55B0E2}.Release|x64.Build.0 = Release|Any CPU
		{73A23A72-D039-4435-9D36-E5531F55B0E2}.Release|x86.ActiveCfg = Release|Any CPU
		{73A23A72-D039-4435-9D36-E5531F55B0E2}.Release|x86.Build.0 = Release|Any CPU
		{6674442D-C15A-43C9-B242-BFCB67C9087E}.Debug|Any CPU.ActiveCfg = Debug|Any CPU
		{6674442D-C15A-43C9-B242-BFCB67C9087E}.Debug|Any CPU.Build.0 = Debug|Any CPU
		{6674442D-C15A-43C9-B242-BFCB67C9087E}.Debug|x64.ActiveCfg = Debug|Any CPU
		{6674442D-C15A-43C9-B242-BFCB67C9087E}.Debug|x64.Build.0 = Debug|Any CPU
		{6674442D-C15A-43C9-B242-BFCB67C9087E}.Debug|x86.ActiveCfg = Debug|Any CPU
		{6674442D-C15A-43C9-B242-BFCB67C9087E}.Debug|x86.Build.0 = Debug|Any CPU
		{6674442D-C15A-43C9-B242-BFCB67C9087E}.Release|Any CPU.ActiveCfg = Release|Any CPU
		{6674442D-C15A-43C9-B242-BFCB67C9087E}.Release|Any CPU.Build.0 = Release|Any CPU
		{6674442D-C15A-43C9-B242-BFCB67C9087E}.Release|x64.ActiveCfg = Release|Any CPU
		{6674442D-C15A-43C9-B242-BFCB67C9087E}.Release|x64.Build.0 = Release|Any CPU
		{6674442D-C15A-43C9-B242-BFCB67C9087E}.Release|x86.ActiveCfg = Release|Any CPU
		{6674442D-C15A-43C9-B242-BFCB67C9087E}.Release|x86.Build.0 = Release|Any CPU
		{3F11B5E6-4E5A-4901-B00A-E114DEDEED31}.Debug|Any CPU.ActiveCfg = Debug|Any CPU
		{3F11B5E6-4E5A-4901-B00A-E114DEDEED31}.Debug|Any CPU.Build.0 = Debug|Any CPU
		{3F11B5E6-4E5A-4901-B00A-E114DEDEED31}.Debug|x64.ActiveCfg = Debug|Any CPU
		{3F11B5E6-4E5A-4901-B00A-E114DEDEED31}.Debug|x64.Build.0 = Debug|Any CPU
		{3F11B5E6-4E5A-4901-B00A-E114DEDEED31}.Debug|x86.ActiveCfg = Debug|Any CPU
		{3F11B5E6-4E5A-4901-B00A-E114DEDEED31}.Debug|x86.Build.0 = Debug|Any CPU
		{3F11B5E6-4E5A-4901-B00A-E114DEDEED31}.Release|Any CPU.ActiveCfg = Release|Any CPU
		{3F11B5E6-4E5A-4901-B00A-E114DEDEED31}.Release|Any CPU.Build.0 = Release|Any CPU
		{3F11B5E6-4E5A-4901-B00A-E114DEDEED31}.Release|x64.ActiveCfg = Release|Any CPU
		{3F11B5E6-4E5A-4901-B00A-E114DEDEED31}.Release|x64.Build.0 = Release|Any CPU
		{3F11B5E6-4E5A-4901-B00A-E114DEDEED31}.Release|x86.ActiveCfg = Release|Any CPU
		{3F11B5E6-4E5A-4901-B00A-E114DEDEED31}.Release|x86.Build.0 = Release|Any CPU
		{D2932BD7-5090-42E8-9AE2-D58E213F0F8C}.Debug|Any CPU.ActiveCfg = Debug|Any CPU
		{D2932BD7-5090-42E8-9AE2-D58E213F0F8C}.Debug|Any CPU.Build.0 = Debug|Any CPU
		{D2932BD7-5090-42E8-9AE2-D58E213F0F8C}.Debug|x64.ActiveCfg = Debug|Any CPU
		{D2932BD7-5090-42E8-9AE2-D58E213F0F8C}.Debug|x64.Build.0 = Debug|Any CPU
		{D2932BD7-5090-42E8-9AE2-D58E213F0F8C}.Debug|x86.ActiveCfg = Debug|Any CPU
		{D2932BD7-5090-42E8-9AE2-D58E213F0F8C}.Debug|x86.Build.0 = Debug|Any CPU
		{D2932BD7-5090-42E8-9AE2-D58E213F0F8C}.Release|Any CPU.ActiveCfg = Release|Any CPU
		{D2932BD7-5090-42E8-9AE2-D58E213F0F8C}.Release|Any CPU.Build.0 = Release|Any CPU
		{D2932BD7-5090-42E8-9AE2-D58E213F0F8C}.Release|x64.ActiveCfg = Release|Any CPU
		{D2932BD7-5090-42E8-9AE2-D58E213F0F8C}.Release|x64.Build.0 = Release|Any CPU
		{D2932BD7-5090-42E8-9AE2-D58E213F0F8C}.Release|x86.ActiveCfg = Release|Any CPU
		{D2932BD7-5090-42E8-9AE2-D58E213F0F8C}.Release|x86.Build.0 = Release|Any CPU
		{DBFF9CCB-D596-49AC-8F73-62A22AD5F31D}.Debug|Any CPU.ActiveCfg = Debug|Any CPU
		{DBFF9CCB-D596-49AC-8F73-62A22AD5F31D}.Debug|Any CPU.Build.0 = Debug|Any CPU
		{DBFF9CCB-D596-49AC-8F73-62A22AD5F31D}.Debug|x64.ActiveCfg = Debug|Any CPU
		{DBFF9CCB-D596-49AC-8F73-62A22AD5F31D}.Debug|x64.Build.0 = Debug|Any CPU
		{DBFF9CCB-D596-49AC-8F73-62A22AD5F31D}.Debug|x86.ActiveCfg = Debug|Any CPU
		{DBFF9CCB-D596-49AC-8F73-62A22AD5F31D}.Debug|x86.Build.0 = Debug|Any CPU
		{DBFF9CCB-D596-49AC-8F73-62A22AD5F31D}.Release|Any CPU.ActiveCfg = Release|Any CPU
		{DBFF9CCB-D596-49AC-8F73-62A22AD5F31D}.Release|Any CPU.Build.0 = Release|Any CPU
		{DBFF9CCB-D596-49AC-8F73-62A22AD5F31D}.Release|x64.ActiveCfg = Release|Any CPU
		{DBFF9CCB-D596-49AC-8F73-62A22AD5F31D}.Release|x64.Build.0 = Release|Any CPU
		{DBFF9CCB-D596-49AC-8F73-62A22AD5F31D}.Release|x86.ActiveCfg = Release|Any CPU
		{DBFF9CCB-D596-49AC-8F73-62A22AD5F31D}.Release|x86.Build.0 = Release|Any CPU
		{84E91404-E3C7-46D2-812A-E0BA35624D90}.Debug|Any CPU.ActiveCfg = Debug|Any CPU
		{84E91404-E3C7-46D2-812A-E0BA35624D90}.Debug|Any CPU.Build.0 = Debug|Any CPU
		{84E91404-E3C7-46D2-812A-E0BA35624D90}.Debug|x64.ActiveCfg = Debug|Any CPU
		{84E91404-E3C7-46D2-812A-E0BA35624D90}.Debug|x64.Build.0 = Debug|Any CPU
		{84E91404-E3C7-46D2-812A-E0BA35624D90}.Debug|x86.ActiveCfg = Debug|Any CPU
		{84E91404-E3C7-46D2-812A-E0BA35624D90}.Debug|x86.Build.0 = Debug|Any CPU
		{84E91404-E3C7-46D2-812A-E0BA35624D90}.Release|Any CPU.ActiveCfg = Release|Any CPU
		{84E91404-E3C7-46D2-812A-E0BA35624D90}.Release|Any CPU.Build.0 = Release|Any CPU
		{84E91404-E3C7-46D2-812A-E0BA35624D90}.Release|x64.ActiveCfg = Release|Any CPU
		{84E91404-E3C7-46D2-812A-E0BA35624D90}.Release|x64.Build.0 = Release|Any CPU
		{84E91404-E3C7-46D2-812A-E0BA35624D90}.Release|x86.ActiveCfg = Release|Any CPU
		{84E91404-E3C7-46D2-812A-E0BA35624D90}.Release|x86.Build.0 = Release|Any CPU
		{FD011C8A-F965-4774-9248-98654E68618D}.Debug|Any CPU.ActiveCfg = Debug|Any CPU
		{FD011C8A-F965-4774-9248-98654E68618D}.Debug|Any CPU.Build.0 = Debug|Any CPU
		{FD011C8A-F965-4774-9248-98654E68618D}.Debug|x64.ActiveCfg = Debug|Any CPU
		{FD011C8A-F965-4774-9248-98654E68618D}.Debug|x64.Build.0 = Debug|Any CPU
		{FD011C8A-F965-4774-9248-98654E68618D}.Debug|x86.ActiveCfg = Debug|Any CPU
		{FD011C8A-F965-4774-9248-98654E68618D}.Debug|x86.Build.0 = Debug|Any CPU
		{FD011C8A-F965-4774-9248-98654E68618D}.Release|Any CPU.ActiveCfg = Release|Any CPU
		{FD011C8A-F965-4774-9248-98654E68618D}.Release|Any CPU.Build.0 = Release|Any CPU
		{FD011C8A-F965-4774-9248-98654E68618D}.Release|x64.ActiveCfg = Release|Any CPU
		{FD011C8A-F965-4774-9248-98654E68618D}.Release|x64.Build.0 = Release|Any CPU
		{FD011C8A-F965-4774-9248-98654E68618D}.Release|x86.ActiveCfg = Release|Any CPU
		{FD011C8A-F965-4774-9248-98654E68618D}.Release|x86.Build.0 = Release|Any CPU
		{0051BF08-78AC-4FBE-B9C7-AAD3A660CA2B}.Debug|Any CPU.ActiveCfg = Debug|Any CPU
		{0051BF08-78AC-4FBE-B9C7-AAD3A660CA2B}.Debug|Any CPU.Build.0 = Debug|Any CPU
		{0051BF08-78AC-4FBE-B9C7-AAD3A660CA2B}.Debug|x64.ActiveCfg = Debug|Any CPU
		{0051BF08-78AC-4FBE-B9C7-AAD3A660CA2B}.Debug|x64.Build.0 = Debug|Any CPU
		{0051BF08-78AC-4FBE-B9C7-AAD3A660CA2B}.Debug|x86.ActiveCfg = Debug|Any CPU
		{0051BF08-78AC-4FBE-B9C7-AAD3A660CA2B}.Debug|x86.Build.0 = Debug|Any CPU
		{0051BF08-78AC-4FBE-B9C7-AAD3A660CA2B}.Release|Any CPU.ActiveCfg = Release|Any CPU
		{0051BF08-78AC-4FBE-B9C7-AAD3A660CA2B}.Release|Any CPU.Build.0 = Release|Any CPU
		{0051BF08-78AC-4FBE-B9C7-AAD3A660CA2B}.Release|x64.ActiveCfg = Release|Any CPU
		{0051BF08-78AC-4FBE-B9C7-AAD3A660CA2B}.Release|x64.Build.0 = Release|Any CPU
		{0051BF08-78AC-4FBE-B9C7-AAD3A660CA2B}.Release|x86.ActiveCfg = Release|Any CPU
		{0051BF08-78AC-4FBE-B9C7-AAD3A660CA2B}.Release|x86.Build.0 = Release|Any CPU
		{0A63CB9E-5C52-4E09-A522-E314EAB7E72A}.Debug|Any CPU.ActiveCfg = Debug|Any CPU
		{0A63CB9E-5C52-4E09-A522-E314EAB7E72A}.Debug|Any CPU.Build.0 = Debug|Any CPU
		{0A63CB9E-5C52-4E09-A522-E314EAB7E72A}.Debug|x64.ActiveCfg = Debug|Any CPU
		{0A63CB9E-5C52-4E09-A522-E314EAB7E72A}.Debug|x64.Build.0 = Debug|Any CPU
		{0A63CB9E-5C52-4E09-A522-E314EAB7E72A}.Debug|x86.ActiveCfg = Debug|Any CPU
		{0A63CB9E-5C52-4E09-A522-E314EAB7E72A}.Debug|x86.Build.0 = Debug|Any CPU
		{0A63CB9E-5C52-4E09-A522-E314EAB7E72A}.Release|Any CPU.ActiveCfg = Release|Any CPU
		{0A63CB9E-5C52-4E09-A522-E314EAB7E72A}.Release|Any CPU.Build.0 = Release|Any CPU
		{0A63CB9E-5C52-4E09-A522-E314EAB7E72A}.Release|x64.ActiveCfg = Release|Any CPU
		{0A63CB9E-5C52-4E09-A522-E314EAB7E72A}.Release|x64.Build.0 = Release|Any CPU
		{0A63CB9E-5C52-4E09-A522-E314EAB7E72A}.Release|x86.ActiveCfg = Release|Any CPU
		{0A63CB9E-5C52-4E09-A522-E314EAB7E72A}.Release|x86.Build.0 = Release|Any CPU
		{83F552DF-314A-4685-9EB0-2560B4FDC355}.Debug|Any CPU.ActiveCfg = Debug|Any CPU
		{83F552DF-314A-4685-9EB0-2560B4FDC355}.Debug|Any CPU.Build.0 = Debug|Any CPU
		{83F552DF-314A-4685-9EB0-2560B4FDC355}.Debug|x64.ActiveCfg = Debug|Any CPU
		{83F552DF-314A-4685-9EB0-2560B4FDC355}.Debug|x64.Build.0 = Debug|Any CPU
		{83F552DF-314A-4685-9EB0-2560B4FDC355}.Debug|x86.ActiveCfg = Debug|Any CPU
		{83F552DF-314A-4685-9EB0-2560B4FDC355}.Debug|x86.Build.0 = Debug|Any CPU
		{83F552DF-314A-4685-9EB0-2560B4FDC355}.Release|Any CPU.ActiveCfg = Release|Any CPU
		{83F552DF-314A-4685-9EB0-2560B4FDC355}.Release|Any CPU.Build.0 = Release|Any CPU
		{83F552DF-314A-4685-9EB0-2560B4FDC355}.Release|x64.ActiveCfg = Release|Any CPU
		{83F552DF-314A-4685-9EB0-2560B4FDC355}.Release|x64.Build.0 = Release|Any CPU
		{83F552DF-314A-4685-9EB0-2560B4FDC355}.Release|x86.ActiveCfg = Release|Any CPU
		{83F552DF-314A-4685-9EB0-2560B4FDC355}.Release|x86.Build.0 = Release|Any CPU
		{89263C89-6FD6-4931-9762-F5094946CFC8}.Debug|Any CPU.ActiveCfg = Debug|Any CPU
		{89263C89-6FD6-4931-9762-F5094946CFC8}.Debug|Any CPU.Build.0 = Debug|Any CPU
		{89263C89-6FD6-4931-9762-F5094946CFC8}.Debug|x64.ActiveCfg = Debug|Any CPU
		{89263C89-6FD6-4931-9762-F5094946CFC8}.Debug|x64.Build.0 = Debug|Any CPU
		{89263C89-6FD6-4931-9762-F5094946CFC8}.Debug|x86.ActiveCfg = Debug|Any CPU
		{89263C89-6FD6-4931-9762-F5094946CFC8}.Debug|x86.Build.0 = Debug|Any CPU
		{89263C89-6FD6-4931-9762-F5094946CFC8}.Release|Any CPU.ActiveCfg = Release|Any CPU
		{89263C89-6FD6-4931-9762-F5094946CFC8}.Release|Any CPU.Build.0 = Release|Any CPU
		{89263C89-6FD6-4931-9762-F5094946CFC8}.Release|x64.ActiveCfg = Release|Any CPU
		{89263C89-6FD6-4931-9762-F5094946CFC8}.Release|x64.Build.0 = Release|Any CPU
		{89263C89-6FD6-4931-9762-F5094946CFC8}.Release|x86.ActiveCfg = Release|Any CPU
		{89263C89-6FD6-4931-9762-F5094946CFC8}.Release|x86.Build.0 = Release|Any CPU
		{A77A9D88-6274-49C0-845D-92AFA83662AE}.Debug|Any CPU.ActiveCfg = Debug|Any CPU
		{A77A9D88-6274-49C0-845D-92AFA83662AE}.Debug|Any CPU.Build.0 = Debug|Any CPU
		{A77A9D88-6274-49C0-845D-92AFA83662AE}.Debug|x64.ActiveCfg = Debug|Any CPU
		{A77A9D88-6274-49C0-845D-92AFA83662AE}.Debug|x64.Build.0 = Debug|Any CPU
		{A77A9D88-6274-49C0-845D-92AFA83662AE}.Debug|x86.ActiveCfg = Debug|Any CPU
		{A77A9D88-6274-49C0-845D-92AFA83662AE}.Debug|x86.Build.0 = Debug|Any CPU
		{A77A9D88-6274-49C0-845D-92AFA83662AE}.Release|Any CPU.ActiveCfg = Release|Any CPU
		{A77A9D88-6274-49C0-845D-92AFA83662AE}.Release|Any CPU.Build.0 = Release|Any CPU
		{A77A9D88-6274-49C0-845D-92AFA83662AE}.Release|x64.ActiveCfg = Release|Any CPU
		{A77A9D88-6274-49C0-845D-92AFA83662AE}.Release|x64.Build.0 = Release|Any CPU
		{A77A9D88-6274-49C0-845D-92AFA83662AE}.Release|x86.ActiveCfg = Release|Any CPU
		{A77A9D88-6274-49C0-845D-92AFA83662AE}.Release|x86.Build.0 = Release|Any CPU
		{ED4A48BB-A601-485D-91E2-62CA3179F988}.Debug|Any CPU.ActiveCfg = Debug|Any CPU
		{ED4A48BB-A601-485D-91E2-62CA3179F988}.Debug|Any CPU.Build.0 = Debug|Any CPU
		{ED4A48BB-A601-485D-91E2-62CA3179F988}.Debug|x64.ActiveCfg = Debug|Any CPU
		{ED4A48BB-A601-485D-91E2-62CA3179F988}.Debug|x64.Build.0 = Debug|Any CPU
		{ED4A48BB-A601-485D-91E2-62CA3179F988}.Debug|x86.ActiveCfg = Debug|Any CPU
		{ED4A48BB-A601-485D-91E2-62CA3179F988}.Debug|x86.Build.0 = Debug|Any CPU
		{ED4A48BB-A601-485D-91E2-62CA3179F988}.Release|Any CPU.ActiveCfg = Release|Any CPU
		{ED4A48BB-A601-485D-91E2-62CA3179F988}.Release|Any CPU.Build.0 = Release|Any CPU
		{ED4A48BB-A601-485D-91E2-62CA3179F988}.Release|x64.ActiveCfg = Release|Any CPU
		{ED4A48BB-A601-485D-91E2-62CA3179F988}.Release|x64.Build.0 = Release|Any CPU
		{ED4A48BB-A601-485D-91E2-62CA3179F988}.Release|x86.ActiveCfg = Release|Any CPU
		{ED4A48BB-A601-485D-91E2-62CA3179F988}.Release|x86.Build.0 = Release|Any CPU
		{F16DEEC2-2C62-464E-A527-8641CE9C4CB1}.Debug|Any CPU.ActiveCfg = Debug|Any CPU
		{F16DEEC2-2C62-464E-A527-8641CE9C4CB1}.Debug|Any CPU.Build.0 = Debug|Any CPU
		{F16DEEC2-2C62-464E-A527-8641CE9C4CB1}.Debug|x64.ActiveCfg = Debug|Any CPU
		{F16DEEC2-2C62-464E-A527-8641CE9C4CB1}.Debug|x64.Build.0 = Debug|Any CPU
		{F16DEEC2-2C62-464E-A527-8641CE9C4CB1}.Debug|x86.ActiveCfg = Debug|Any CPU
		{F16DEEC2-2C62-464E-A527-8641CE9C4CB1}.Debug|x86.Build.0 = Debug|Any CPU
		{F16DEEC2-2C62-464E-A527-8641CE9C4CB1}.Release|Any CPU.ActiveCfg = Release|Any CPU
		{F16DEEC2-2C62-464E-A527-8641CE9C4CB1}.Release|Any CPU.Build.0 = Release|Any CPU
		{F16DEEC2-2C62-464E-A527-8641CE9C4CB1}.Release|x64.ActiveCfg = Release|Any CPU
		{F16DEEC2-2C62-464E-A527-8641CE9C4CB1}.Release|x64.Build.0 = Release|Any CPU
		{F16DEEC2-2C62-464E-A527-8641CE9C4CB1}.Release|x86.ActiveCfg = Release|Any CPU
		{F16DEEC2-2C62-464E-A527-8641CE9C4CB1}.Release|x86.Build.0 = Release|Any CPU
		{129311B6-C6AC-4FA7-8C26-1EA0A84084A9}.Debug|Any CPU.ActiveCfg = Debug|Any CPU
		{129311B6-C6AC-4FA7-8C26-1EA0A84084A9}.Debug|Any CPU.Build.0 = Debug|Any CPU
		{129311B6-C6AC-4FA7-8C26-1EA0A84084A9}.Debug|x64.ActiveCfg = Debug|Any CPU
		{129311B6-C6AC-4FA7-8C26-1EA0A84084A9}.Debug|x64.Build.0 = Debug|Any CPU
		{129311B6-C6AC-4FA7-8C26-1EA0A84084A9}.Debug|x86.ActiveCfg = Debug|Any CPU
		{129311B6-C6AC-4FA7-8C26-1EA0A84084A9}.Debug|x86.Build.0 = Debug|Any CPU
		{129311B6-C6AC-4FA7-8C26-1EA0A84084A9}.Release|Any CPU.ActiveCfg = Release|Any CPU
		{129311B6-C6AC-4FA7-8C26-1EA0A84084A9}.Release|Any CPU.Build.0 = Release|Any CPU
		{129311B6-C6AC-4FA7-8C26-1EA0A84084A9}.Release|x64.ActiveCfg = Release|Any CPU
		{129311B6-C6AC-4FA7-8C26-1EA0A84084A9}.Release|x64.Build.0 = Release|Any CPU
		{129311B6-C6AC-4FA7-8C26-1EA0A84084A9}.Release|x86.ActiveCfg = Release|Any CPU
		{129311B6-C6AC-4FA7-8C26-1EA0A84084A9}.Release|x86.Build.0 = Release|Any CPU
		{41D7DB4B-A5D6-4A41-9F5F-A234AFB96DB7}.Debug|Any CPU.ActiveCfg = Debug|Any CPU
		{41D7DB4B-A5D6-4A41-9F5F-A234AFB96DB7}.Debug|Any CPU.Build.0 = Debug|Any CPU
		{41D7DB4B-A5D6-4A41-9F5F-A234AFB96DB7}.Debug|x64.ActiveCfg = Debug|Any CPU
		{41D7DB4B-A5D6-4A41-9F5F-A234AFB96DB7}.Debug|x64.Build.0 = Debug|Any CPU
		{41D7DB4B-A5D6-4A41-9F5F-A234AFB96DB7}.Debug|x86.ActiveCfg = Debug|Any CPU
		{41D7DB4B-A5D6-4A41-9F5F-A234AFB96DB7}.Debug|x86.Build.0 = Debug|Any CPU
		{41D7DB4B-A5D6-4A41-9F5F-A234AFB96DB7}.Release|Any CPU.ActiveCfg = Release|Any CPU
		{41D7DB4B-A5D6-4A41-9F5F-A234AFB96DB7}.Release|Any CPU.Build.0 = Release|Any CPU
		{41D7DB4B-A5D6-4A41-9F5F-A234AFB96DB7}.Release|x64.ActiveCfg = Release|Any CPU
		{41D7DB4B-A5D6-4A41-9F5F-A234AFB96DB7}.Release|x64.Build.0 = Release|Any CPU
		{41D7DB4B-A5D6-4A41-9F5F-A234AFB96DB7}.Release|x86.ActiveCfg = Release|Any CPU
		{41D7DB4B-A5D6-4A41-9F5F-A234AFB96DB7}.Release|x86.Build.0 = Release|Any CPU
		{B4D4CBE2-2B10-4B63-92FC-9E93477F59D7}.Debug|Any CPU.ActiveCfg = Debug|Any CPU
		{B4D4CBE2-2B10-4B63-92FC-9E93477F59D7}.Debug|Any CPU.Build.0 = Debug|Any CPU
		{B4D4CBE2-2B10-4B63-92FC-9E93477F59D7}.Debug|x64.ActiveCfg = Debug|Any CPU
		{B4D4CBE2-2B10-4B63-92FC-9E93477F59D7}.Debug|x64.Build.0 = Debug|Any CPU
		{B4D4CBE2-2B10-4B63-92FC-9E93477F59D7}.Debug|x86.ActiveCfg = Debug|Any CPU
		{B4D4CBE2-2B10-4B63-92FC-9E93477F59D7}.Debug|x86.Build.0 = Debug|Any CPU
		{B4D4CBE2-2B10-4B63-92FC-9E93477F59D7}.Release|Any CPU.ActiveCfg = Release|Any CPU
		{B4D4CBE2-2B10-4B63-92FC-9E93477F59D7}.Release|Any CPU.Build.0 = Release|Any CPU
		{B4D4CBE2-2B10-4B63-92FC-9E93477F59D7}.Release|x64.ActiveCfg = Release|Any CPU
		{B4D4CBE2-2B10-4B63-92FC-9E93477F59D7}.Release|x64.Build.0 = Release|Any CPU
		{B4D4CBE2-2B10-4B63-92FC-9E93477F59D7}.Release|x86.ActiveCfg = Release|Any CPU
		{B4D4CBE2-2B10-4B63-92FC-9E93477F59D7}.Release|x86.Build.0 = Release|Any CPU
		{93F0E8D2-CF35-4A3C-9A15-744BB3F5F3D4}.Debug|Any CPU.ActiveCfg = Debug|Any CPU
		{93F0E8D2-CF35-4A3C-9A15-744BB3F5F3D4}.Debug|Any CPU.Build.0 = Debug|Any CPU
		{93F0E8D2-CF35-4A3C-9A15-744BB3F5F3D4}.Debug|x64.ActiveCfg = Debug|Any CPU
		{93F0E8D2-CF35-4A3C-9A15-744BB3F5F3D4}.Debug|x64.Build.0 = Debug|Any CPU
		{93F0E8D2-CF35-4A3C-9A15-744BB3F5F3D4}.Debug|x86.ActiveCfg = Debug|Any CPU
		{93F0E8D2-CF35-4A3C-9A15-744BB3F5F3D4}.Debug|x86.Build.0 = Debug|Any CPU
		{93F0E8D2-CF35-4A3C-9A15-744BB3F5F3D4}.Release|Any CPU.ActiveCfg = Release|Any CPU
		{93F0E8D2-CF35-4A3C-9A15-744BB3F5F3D4}.Release|Any CPU.Build.0 = Release|Any CPU
		{93F0E8D2-CF35-4A3C-9A15-744BB3F5F3D4}.Release|x64.ActiveCfg = Release|Any CPU
		{93F0E8D2-CF35-4A3C-9A15-744BB3F5F3D4}.Release|x64.Build.0 = Release|Any CPU
		{93F0E8D2-CF35-4A3C-9A15-744BB3F5F3D4}.Release|x86.ActiveCfg = Release|Any CPU
		{93F0E8D2-CF35-4A3C-9A15-744BB3F5F3D4}.Release|x86.Build.0 = Release|Any CPU
		{B8F86E97-7F3B-4D32-8B76-E7B9799BC5C4}.Debug|Any CPU.ActiveCfg = Debug|Any CPU
		{B8F86E97-7F3B-4D32-8B76-E7B9799BC5C4}.Debug|Any CPU.Build.0 = Debug|Any CPU
		{B8F86E97-7F3B-4D32-8B76-E7B9799BC5C4}.Debug|x64.ActiveCfg = Debug|Any CPU
		{B8F86E97-7F3B-4D32-8B76-E7B9799BC5C4}.Debug|x64.Build.0 = Debug|Any CPU
		{B8F86E97-7F3B-4D32-8B76-E7B9799BC5C4}.Debug|x86.ActiveCfg = Debug|Any CPU
		{B8F86E97-7F3B-4D32-8B76-E7B9799BC5C4}.Debug|x86.Build.0 = Debug|Any CPU
		{B8F86E97-7F3B-4D32-8B76-E7B9799BC5C4}.Release|Any CPU.ActiveCfg = Release|Any CPU
		{B8F86E97-7F3B-4D32-8B76-E7B9799BC5C4}.Release|Any CPU.Build.0 = Release|Any CPU
		{B8F86E97-7F3B-4D32-8B76-E7B9799BC5C4}.Release|x64.ActiveCfg = Release|Any CPU
		{B8F86E97-7F3B-4D32-8B76-E7B9799BC5C4}.Release|x64.Build.0 = Release|Any CPU
		{B8F86E97-7F3B-4D32-8B76-E7B9799BC5C4}.Release|x86.ActiveCfg = Release|Any CPU
		{B8F86E97-7F3B-4D32-8B76-E7B9799BC5C4}.Release|x86.Build.0 = Release|Any CPU
		{C6FCF65C-4AFD-4EBA-BDB6-A6CB82C92491}.Debug|Any CPU.ActiveCfg = Debug|Any CPU
		{C6FCF65C-4AFD-4EBA-BDB6-A6CB82C92491}.Debug|Any CPU.Build.0 = Debug|Any CPU
		{C6FCF65C-4AFD-4EBA-BDB6-A6CB82C92491}.Debug|x64.ActiveCfg = Debug|Any CPU
		{C6FCF65C-4AFD-4EBA-BDB6-A6CB82C92491}.Debug|x64.Build.0 = Debug|Any CPU
		{C6FCF65C-4AFD-4EBA-BDB6-A6CB82C92491}.Debug|x86.ActiveCfg = Debug|Any CPU
		{C6FCF65C-4AFD-4EBA-BDB6-A6CB82C92491}.Debug|x86.Build.0 = Debug|Any CPU
		{C6FCF65C-4AFD-4EBA-BDB6-A6CB82C92491}.Release|Any CPU.ActiveCfg = Release|Any CPU
		{C6FCF65C-4AFD-4EBA-BDB6-A6CB82C92491}.Release|Any CPU.Build.0 = Release|Any CPU
		{C6FCF65C-4AFD-4EBA-BDB6-A6CB82C92491}.Release|x64.ActiveCfg = Release|Any CPU
		{C6FCF65C-4AFD-4EBA-BDB6-A6CB82C92491}.Release|x64.Build.0 = Release|Any CPU
		{C6FCF65C-4AFD-4EBA-BDB6-A6CB82C92491}.Release|x86.ActiveCfg = Release|Any CPU
		{C6FCF65C-4AFD-4EBA-BDB6-A6CB82C92491}.Release|x86.Build.0 = Release|Any CPU
		{EEF1630E-68D0-4D43-9EC7-5C379D37F861}.Debug|Any CPU.ActiveCfg = Debug|Any CPU
		{EEF1630E-68D0-4D43-9EC7-5C379D37F861}.Debug|Any CPU.Build.0 = Debug|Any CPU
		{EEF1630E-68D0-4D43-9EC7-5C379D37F861}.Debug|x64.ActiveCfg = Debug|Any CPU
		{EEF1630E-68D0-4D43-9EC7-5C379D37F861}.Debug|x64.Build.0 = Debug|Any CPU
		{EEF1630E-68D0-4D43-9EC7-5C379D37F861}.Debug|x86.ActiveCfg = Debug|Any CPU
		{EEF1630E-68D0-4D43-9EC7-5C379D37F861}.Debug|x86.Build.0 = Debug|Any CPU
		{EEF1630E-68D0-4D43-9EC7-5C379D37F861}.Release|Any CPU.ActiveCfg = Release|Any CPU
		{EEF1630E-68D0-4D43-9EC7-5C379D37F861}.Release|Any CPU.Build.0 = Release|Any CPU
		{EEF1630E-68D0-4D43-9EC7-5C379D37F861}.Release|x64.ActiveCfg = Release|Any CPU
		{EEF1630E-68D0-4D43-9EC7-5C379D37F861}.Release|x64.Build.0 = Release|Any CPU
		{EEF1630E-68D0-4D43-9EC7-5C379D37F861}.Release|x86.ActiveCfg = Release|Any CPU
		{EEF1630E-68D0-4D43-9EC7-5C379D37F861}.Release|x86.Build.0 = Release|Any CPU
		{D5DD356B-1A1F-4A10-AD19-2579D0531D31}.Debug|Any CPU.ActiveCfg = Debug|Any CPU
		{D5DD356B-1A1F-4A10-AD19-2579D0531D31}.Debug|Any CPU.Build.0 = Debug|Any CPU
		{D5DD356B-1A1F-4A10-AD19-2579D0531D31}.Debug|x64.ActiveCfg = Debug|Any CPU
		{D5DD356B-1A1F-4A10-AD19-2579D0531D31}.Debug|x64.Build.0 = Debug|Any CPU
		{D5DD356B-1A1F-4A10-AD19-2579D0531D31}.Debug|x86.ActiveCfg = Debug|Any CPU
		{D5DD356B-1A1F-4A10-AD19-2579D0531D31}.Debug|x86.Build.0 = Debug|Any CPU
		{D5DD356B-1A1F-4A10-AD19-2579D0531D31}.Release|Any CPU.ActiveCfg = Release|Any CPU
		{D5DD356B-1A1F-4A10-AD19-2579D0531D31}.Release|Any CPU.Build.0 = Release|Any CPU
		{D5DD356B-1A1F-4A10-AD19-2579D0531D31}.Release|x64.ActiveCfg = Release|Any CPU
		{D5DD356B-1A1F-4A10-AD19-2579D0531D31}.Release|x64.Build.0 = Release|Any CPU
		{D5DD356B-1A1F-4A10-AD19-2579D0531D31}.Release|x86.ActiveCfg = Release|Any CPU
		{D5DD356B-1A1F-4A10-AD19-2579D0531D31}.Release|x86.Build.0 = Release|Any CPU
		{A0B99384-04DB-4A42-9DBC-1C5360DBF70C}.Debug|Any CPU.ActiveCfg = Debug|Any CPU
		{A0B99384-04DB-4A42-9DBC-1C5360DBF70C}.Debug|Any CPU.Build.0 = Debug|Any CPU
		{A0B99384-04DB-4A42-9DBC-1C5360DBF70C}.Debug|x64.ActiveCfg = Debug|Any CPU
		{A0B99384-04DB-4A42-9DBC-1C5360DBF70C}.Debug|x64.Build.0 = Debug|Any CPU
		{A0B99384-04DB-4A42-9DBC-1C5360DBF70C}.Debug|x86.ActiveCfg = Debug|Any CPU
		{A0B99384-04DB-4A42-9DBC-1C5360DBF70C}.Debug|x86.Build.0 = Debug|Any CPU
		{A0B99384-04DB-4A42-9DBC-1C5360DBF70C}.Release|Any CPU.ActiveCfg = Release|Any CPU
		{A0B99384-04DB-4A42-9DBC-1C5360DBF70C}.Release|Any CPU.Build.0 = Release|Any CPU
		{A0B99384-04DB-4A42-9DBC-1C5360DBF70C}.Release|x64.ActiveCfg = Release|Any CPU
		{A0B99384-04DB-4A42-9DBC-1C5360DBF70C}.Release|x64.Build.0 = Release|Any CPU
		{A0B99384-04DB-4A42-9DBC-1C5360DBF70C}.Release|x86.ActiveCfg = Release|Any CPU
		{A0B99384-04DB-4A42-9DBC-1C5360DBF70C}.Release|x86.Build.0 = Release|Any CPU
		{9D2C25F9-C641-431C-8B74-8DE093B89F6B}.Debug|Any CPU.ActiveCfg = Debug|Any CPU
		{9D2C25F9-C641-431C-8B74-8DE093B89F6B}.Debug|Any CPU.Build.0 = Debug|Any CPU
		{9D2C25F9-C641-431C-8B74-8DE093B89F6B}.Debug|x64.ActiveCfg = Debug|Any CPU
		{9D2C25F9-C641-431C-8B74-8DE093B89F6B}.Debug|x64.Build.0 = Debug|Any CPU
		{9D2C25F9-C641-431C-8B74-8DE093B89F6B}.Debug|x86.ActiveCfg = Debug|Any CPU
		{9D2C25F9-C641-431C-8B74-8DE093B89F6B}.Debug|x86.Build.0 = Debug|Any CPU
		{9D2C25F9-C641-431C-8B74-8DE093B89F6B}.Release|Any CPU.ActiveCfg = Release|Any CPU
		{9D2C25F9-C641-431C-8B74-8DE093B89F6B}.Release|Any CPU.Build.0 = Release|Any CPU
		{9D2C25F9-C641-431C-8B74-8DE093B89F6B}.Release|x64.ActiveCfg = Release|Any CPU
		{9D2C25F9-C641-431C-8B74-8DE093B89F6B}.Release|x64.Build.0 = Release|Any CPU
		{9D2C25F9-C641-431C-8B74-8DE093B89F6B}.Release|x86.ActiveCfg = Release|Any CPU
		{9D2C25F9-C641-431C-8B74-8DE093B89F6B}.Release|x86.Build.0 = Release|Any CPU
		{97592D68-895B-41EA-81C9-2D61C121B1D8}.Debug|Any CPU.ActiveCfg = Debug|Any CPU
		{97592D68-895B-41EA-81C9-2D61C121B1D8}.Debug|Any CPU.Build.0 = Debug|Any CPU
		{97592D68-895B-41EA-81C9-2D61C121B1D8}.Debug|x64.ActiveCfg = Debug|Any CPU
		{97592D68-895B-41EA-81C9-2D61C121B1D8}.Debug|x64.Build.0 = Debug|Any CPU
		{97592D68-895B-41EA-81C9-2D61C121B1D8}.Debug|x86.ActiveCfg = Debug|Any CPU
		{97592D68-895B-41EA-81C9-2D61C121B1D8}.Debug|x86.Build.0 = Debug|Any CPU
		{97592D68-895B-41EA-81C9-2D61C121B1D8}.Release|Any CPU.ActiveCfg = Release|Any CPU
		{97592D68-895B-41EA-81C9-2D61C121B1D8}.Release|Any CPU.Build.0 = Release|Any CPU
		{97592D68-895B-41EA-81C9-2D61C121B1D8}.Release|x64.ActiveCfg = Release|Any CPU
		{97592D68-895B-41EA-81C9-2D61C121B1D8}.Release|x64.Build.0 = Release|Any CPU
		{97592D68-895B-41EA-81C9-2D61C121B1D8}.Release|x86.ActiveCfg = Release|Any CPU
		{97592D68-895B-41EA-81C9-2D61C121B1D8}.Release|x86.Build.0 = Release|Any CPU
		{27E368D0-717A-43E3-92D2-C17A11F09CC8}.Debug|Any CPU.ActiveCfg = Debug|Any CPU
		{27E368D0-717A-43E3-92D2-C17A11F09CC8}.Debug|Any CPU.Build.0 = Debug|Any CPU
		{27E368D0-717A-43E3-92D2-C17A11F09CC8}.Debug|x64.ActiveCfg = Debug|Any CPU
		{27E368D0-717A-43E3-92D2-C17A11F09CC8}.Debug|x64.Build.0 = Debug|Any CPU
		{27E368D0-717A-43E3-92D2-C17A11F09CC8}.Debug|x86.ActiveCfg = Debug|Any CPU
		{27E368D0-717A-43E3-92D2-C17A11F09CC8}.Debug|x86.Build.0 = Debug|Any CPU
		{27E368D0-717A-43E3-92D2-C17A11F09CC8}.Release|Any CPU.ActiveCfg = Release|Any CPU
		{27E368D0-717A-43E3-92D2-C17A11F09CC8}.Release|Any CPU.Build.0 = Release|Any CPU
		{27E368D0-717A-43E3-92D2-C17A11F09CC8}.Release|x64.ActiveCfg = Release|Any CPU
		{27E368D0-717A-43E3-92D2-C17A11F09CC8}.Release|x64.Build.0 = Release|Any CPU
		{27E368D0-717A-43E3-92D2-C17A11F09CC8}.Release|x86.ActiveCfg = Release|Any CPU
		{27E368D0-717A-43E3-92D2-C17A11F09CC8}.Release|x86.Build.0 = Release|Any CPU
		{C9169B9B-7F1F-4220-A3A2-5AA368B72EE8}.Debug|Any CPU.ActiveCfg = Debug|Any CPU
		{C9169B9B-7F1F-4220-A3A2-5AA368B72EE8}.Debug|Any CPU.Build.0 = Debug|Any CPU
		{C9169B9B-7F1F-4220-A3A2-5AA368B72EE8}.Debug|x64.ActiveCfg = Debug|Any CPU
		{C9169B9B-7F1F-4220-A3A2-5AA368B72EE8}.Debug|x64.Build.0 = Debug|Any CPU
		{C9169B9B-7F1F-4220-A3A2-5AA368B72EE8}.Debug|x86.ActiveCfg = Debug|Any CPU
		{C9169B9B-7F1F-4220-A3A2-5AA368B72EE8}.Debug|x86.Build.0 = Debug|Any CPU
		{C9169B9B-7F1F-4220-A3A2-5AA368B72EE8}.Release|Any CPU.ActiveCfg = Release|Any CPU
		{C9169B9B-7F1F-4220-A3A2-5AA368B72EE8}.Release|Any CPU.Build.0 = Release|Any CPU
		{C9169B9B-7F1F-4220-A3A2-5AA368B72EE8}.Release|x64.ActiveCfg = Release|Any CPU
		{C9169B9B-7F1F-4220-A3A2-5AA368B72EE8}.Release|x64.Build.0 = Release|Any CPU
		{C9169B9B-7F1F-4220-A3A2-5AA368B72EE8}.Release|x86.ActiveCfg = Release|Any CPU
		{C9169B9B-7F1F-4220-A3A2-5AA368B72EE8}.Release|x86.Build.0 = Release|Any CPU
		{6377CE06-F288-4353-BEE2-2B8E554D0CFE}.Debug|Any CPU.ActiveCfg = Debug|Any CPU
		{6377CE06-F288-4353-BEE2-2B8E554D0CFE}.Debug|Any CPU.Build.0 = Debug|Any CPU
		{6377CE06-F288-4353-BEE2-2B8E554D0CFE}.Debug|x64.ActiveCfg = Debug|Any CPU
		{6377CE06-F288-4353-BEE2-2B8E554D0CFE}.Debug|x64.Build.0 = Debug|Any CPU
		{6377CE06-F288-4353-BEE2-2B8E554D0CFE}.Debug|x86.ActiveCfg = Debug|Any CPU
		{6377CE06-F288-4353-BEE2-2B8E554D0CFE}.Debug|x86.Build.0 = Debug|Any CPU
		{6377CE06-F288-4353-BEE2-2B8E554D0CFE}.Release|Any CPU.ActiveCfg = Release|Any CPU
		{6377CE06-F288-4353-BEE2-2B8E554D0CFE}.Release|Any CPU.Build.0 = Release|Any CPU
		{6377CE06-F288-4353-BEE2-2B8E554D0CFE}.Release|x64.ActiveCfg = Release|Any CPU
		{6377CE06-F288-4353-BEE2-2B8E554D0CFE}.Release|x64.Build.0 = Release|Any CPU
		{6377CE06-F288-4353-BEE2-2B8E554D0CFE}.Release|x86.ActiveCfg = Release|Any CPU
		{6377CE06-F288-4353-BEE2-2B8E554D0CFE}.Release|x86.Build.0 = Release|Any CPU
		{2FE2EF92-FEA7-4D97-BC26-25BE3818F406}.Debug|Any CPU.ActiveCfg = Debug|Any CPU
		{2FE2EF92-FEA7-4D97-BC26-25BE3818F406}.Debug|Any CPU.Build.0 = Debug|Any CPU
		{2FE2EF92-FEA7-4D97-BC26-25BE3818F406}.Debug|x64.ActiveCfg = Debug|Any CPU
		{2FE2EF92-FEA7-4D97-BC26-25BE3818F406}.Debug|x64.Build.0 = Debug|Any CPU
		{2FE2EF92-FEA7-4D97-BC26-25BE3818F406}.Debug|x86.ActiveCfg = Debug|Any CPU
		{2FE2EF92-FEA7-4D97-BC26-25BE3818F406}.Debug|x86.Build.0 = Debug|Any CPU
		{2FE2EF92-FEA7-4D97-BC26-25BE3818F406}.Release|Any CPU.ActiveCfg = Release|Any CPU
		{2FE2EF92-FEA7-4D97-BC26-25BE3818F406}.Release|Any CPU.Build.0 = Release|Any CPU
		{2FE2EF92-FEA7-4D97-BC26-25BE3818F406}.Release|x64.ActiveCfg = Release|Any CPU
		{2FE2EF92-FEA7-4D97-BC26-25BE3818F406}.Release|x64.Build.0 = Release|Any CPU
		{2FE2EF92-FEA7-4D97-BC26-25BE3818F406}.Release|x86.ActiveCfg = Release|Any CPU
		{2FE2EF92-FEA7-4D97-BC26-25BE3818F406}.Release|x86.Build.0 = Release|Any CPU
		{B4FA3936-EEAE-40A7-82CA-0846C1C73CB5}.Debug|Any CPU.ActiveCfg = Debug|Any CPU
		{B4FA3936-EEAE-40A7-82CA-0846C1C73CB5}.Debug|Any CPU.Build.0 = Debug|Any CPU
		{B4FA3936-EEAE-40A7-82CA-0846C1C73CB5}.Debug|x64.ActiveCfg = Debug|Any CPU
		{B4FA3936-EEAE-40A7-82CA-0846C1C73CB5}.Debug|x64.Build.0 = Debug|Any CPU
		{B4FA3936-EEAE-40A7-82CA-0846C1C73CB5}.Debug|x86.ActiveCfg = Debug|Any CPU
		{B4FA3936-EEAE-40A7-82CA-0846C1C73CB5}.Debug|x86.Build.0 = Debug|Any CPU
		{B4FA3936-EEAE-40A7-82CA-0846C1C73CB5}.Release|Any CPU.ActiveCfg = Release|Any CPU
		{B4FA3936-EEAE-40A7-82CA-0846C1C73CB5}.Release|Any CPU.Build.0 = Release|Any CPU
		{B4FA3936-EEAE-40A7-82CA-0846C1C73CB5}.Release|x64.ActiveCfg = Release|Any CPU
		{B4FA3936-EEAE-40A7-82CA-0846C1C73CB5}.Release|x64.Build.0 = Release|Any CPU
		{B4FA3936-EEAE-40A7-82CA-0846C1C73CB5}.Release|x86.ActiveCfg = Release|Any CPU
		{B4FA3936-EEAE-40A7-82CA-0846C1C73CB5}.Release|x86.Build.0 = Release|Any CPU
		{C037B8AC-DEEE-4276-ACAA-C03887CE1FB9}.Debug|Any CPU.ActiveCfg = Debug|Any CPU
		{C037B8AC-DEEE-4276-ACAA-C03887CE1FB9}.Debug|Any CPU.Build.0 = Debug|Any CPU
		{C037B8AC-DEEE-4276-ACAA-C03887CE1FB9}.Debug|x64.ActiveCfg = Debug|Any CPU
		{C037B8AC-DEEE-4276-ACAA-C03887CE1FB9}.Debug|x64.Build.0 = Debug|Any CPU
		{C037B8AC-DEEE-4276-ACAA-C03887CE1FB9}.Debug|x86.ActiveCfg = Debug|Any CPU
		{C037B8AC-DEEE-4276-ACAA-C03887CE1FB9}.Debug|x86.Build.0 = Debug|Any CPU
		{C037B8AC-DEEE-4276-ACAA-C03887CE1FB9}.Release|Any CPU.ActiveCfg = Release|Any CPU
		{C037B8AC-DEEE-4276-ACAA-C03887CE1FB9}.Release|Any CPU.Build.0 = Release|Any CPU
		{C037B8AC-DEEE-4276-ACAA-C03887CE1FB9}.Release|x64.ActiveCfg = Release|Any CPU
		{C037B8AC-DEEE-4276-ACAA-C03887CE1FB9}.Release|x64.Build.0 = Release|Any CPU
		{C037B8AC-DEEE-4276-ACAA-C03887CE1FB9}.Release|x86.ActiveCfg = Release|Any CPU
		{C037B8AC-DEEE-4276-ACAA-C03887CE1FB9}.Release|x86.Build.0 = Release|Any CPU
		{CB79868E-A015-4182-BF64-66C53A04259C}.Debug|Any CPU.ActiveCfg = Debug|Any CPU
		{CB79868E-A015-4182-BF64-66C53A04259C}.Debug|Any CPU.Build.0 = Debug|Any CPU
		{CB79868E-A015-4182-BF64-66C53A04259C}.Debug|x64.ActiveCfg = Debug|Any CPU
		{CB79868E-A015-4182-BF64-66C53A04259C}.Debug|x64.Build.0 = Debug|Any CPU
		{CB79868E-A015-4182-BF64-66C53A04259C}.Debug|x86.ActiveCfg = Debug|Any CPU
		{CB79868E-A015-4182-BF64-66C53A04259C}.Debug|x86.Build.0 = Debug|Any CPU
		{CB79868E-A015-4182-BF64-66C53A04259C}.Release|Any CPU.ActiveCfg = Release|Any CPU
		{CB79868E-A015-4182-BF64-66C53A04259C}.Release|Any CPU.Build.0 = Release|Any CPU
		{CB79868E-A015-4182-BF64-66C53A04259C}.Release|x64.ActiveCfg = Release|Any CPU
		{CB79868E-A015-4182-BF64-66C53A04259C}.Release|x64.Build.0 = Release|Any CPU
		{CB79868E-A015-4182-BF64-66C53A04259C}.Release|x86.ActiveCfg = Release|Any CPU
		{CB79868E-A015-4182-BF64-66C53A04259C}.Release|x86.Build.0 = Release|Any CPU
		{9807E972-5B73-44E0-A445-C6F9C6DB86E0}.Debug|Any CPU.ActiveCfg = Debug|Any CPU
		{9807E972-5B73-44E0-A445-C6F9C6DB86E0}.Debug|Any CPU.Build.0 = Debug|Any CPU
		{9807E972-5B73-44E0-A445-C6F9C6DB86E0}.Debug|x64.ActiveCfg = Debug|Any CPU
		{9807E972-5B73-44E0-A445-C6F9C6DB86E0}.Debug|x64.Build.0 = Debug|Any CPU
		{9807E972-5B73-44E0-A445-C6F9C6DB86E0}.Debug|x86.ActiveCfg = Debug|Any CPU
		{9807E972-5B73-44E0-A445-C6F9C6DB86E0}.Debug|x86.Build.0 = Debug|Any CPU
		{9807E972-5B73-44E0-A445-C6F9C6DB86E0}.Release|Any CPU.ActiveCfg = Release|Any CPU
		{9807E972-5B73-44E0-A445-C6F9C6DB86E0}.Release|Any CPU.Build.0 = Release|Any CPU
		{9807E972-5B73-44E0-A445-C6F9C6DB86E0}.Release|x64.ActiveCfg = Release|Any CPU
		{9807E972-5B73-44E0-A445-C6F9C6DB86E0}.Release|x64.Build.0 = Release|Any CPU
		{9807E972-5B73-44E0-A445-C6F9C6DB86E0}.Release|x86.ActiveCfg = Release|Any CPU
		{9807E972-5B73-44E0-A445-C6F9C6DB86E0}.Release|x86.Build.0 = Release|Any CPU
		{187CF2C5-BBB4-454D-951A-BB52C5EF93C8}.Debug|Any CPU.ActiveCfg = Debug|Any CPU
		{187CF2C5-BBB4-454D-951A-BB52C5EF93C8}.Debug|Any CPU.Build.0 = Debug|Any CPU
		{187CF2C5-BBB4-454D-951A-BB52C5EF93C8}.Debug|x64.ActiveCfg = Debug|Any CPU
		{187CF2C5-BBB4-454D-951A-BB52C5EF93C8}.Debug|x64.Build.0 = Debug|Any CPU
		{187CF2C5-BBB4-454D-951A-BB52C5EF93C8}.Debug|x86.ActiveCfg = Debug|Any CPU
		{187CF2C5-BBB4-454D-951A-BB52C5EF93C8}.Debug|x86.Build.0 = Debug|Any CPU
		{187CF2C5-BBB4-454D-951A-BB52C5EF93C8}.Release|Any CPU.ActiveCfg = Release|Any CPU
		{187CF2C5-BBB4-454D-951A-BB52C5EF93C8}.Release|Any CPU.Build.0 = Release|Any CPU
		{187CF2C5-BBB4-454D-951A-BB52C5EF93C8}.Release|x64.ActiveCfg = Release|Any CPU
		{187CF2C5-BBB4-454D-951A-BB52C5EF93C8}.Release|x64.Build.0 = Release|Any CPU
		{187CF2C5-BBB4-454D-951A-BB52C5EF93C8}.Release|x86.ActiveCfg = Release|Any CPU
		{187CF2C5-BBB4-454D-951A-BB52C5EF93C8}.Release|x86.Build.0 = Release|Any CPU
		{F96F9CEF-4776-4D78-88D2-96F7A1C4A734}.Debug|Any CPU.ActiveCfg = Debug|Any CPU
		{F96F9CEF-4776-4D78-88D2-96F7A1C4A734}.Debug|Any CPU.Build.0 = Debug|Any CPU
		{F96F9CEF-4776-4D78-88D2-96F7A1C4A734}.Debug|x64.ActiveCfg = Debug|Any CPU
		{F96F9CEF-4776-4D78-88D2-96F7A1C4A734}.Debug|x64.Build.0 = Debug|Any CPU
		{F96F9CEF-4776-4D78-88D2-96F7A1C4A734}.Debug|x86.ActiveCfg = Debug|Any CPU
		{F96F9CEF-4776-4D78-88D2-96F7A1C4A734}.Debug|x86.Build.0 = Debug|Any CPU
		{F96F9CEF-4776-4D78-88D2-96F7A1C4A734}.Release|Any CPU.ActiveCfg = Release|Any CPU
		{F96F9CEF-4776-4D78-88D2-96F7A1C4A734}.Release|Any CPU.Build.0 = Release|Any CPU
		{F96F9CEF-4776-4D78-88D2-96F7A1C4A734}.Release|x64.ActiveCfg = Release|Any CPU
		{F96F9CEF-4776-4D78-88D2-96F7A1C4A734}.Release|x64.Build.0 = Release|Any CPU
		{F96F9CEF-4776-4D78-88D2-96F7A1C4A734}.Release|x86.ActiveCfg = Release|Any CPU
		{F96F9CEF-4776-4D78-88D2-96F7A1C4A734}.Release|x86.Build.0 = Release|Any CPU
		{B6FBEF63-1FDF-43EA-9052-8E4A71AC0026}.Debug|Any CPU.ActiveCfg = Debug|Any CPU
		{B6FBEF63-1FDF-43EA-9052-8E4A71AC0026}.Debug|Any CPU.Build.0 = Debug|Any CPU
		{B6FBEF63-1FDF-43EA-9052-8E4A71AC0026}.Debug|x64.ActiveCfg = Debug|Any CPU
		{B6FBEF63-1FDF-43EA-9052-8E4A71AC0026}.Debug|x64.Build.0 = Debug|Any CPU
		{B6FBEF63-1FDF-43EA-9052-8E4A71AC0026}.Debug|x86.ActiveCfg = Debug|Any CPU
		{B6FBEF63-1FDF-43EA-9052-8E4A71AC0026}.Debug|x86.Build.0 = Debug|Any CPU
		{B6FBEF63-1FDF-43EA-9052-8E4A71AC0026}.Release|Any CPU.ActiveCfg = Release|Any CPU
		{B6FBEF63-1FDF-43EA-9052-8E4A71AC0026}.Release|Any CPU.Build.0 = Release|Any CPU
		{B6FBEF63-1FDF-43EA-9052-8E4A71AC0026}.Release|x64.ActiveCfg = Release|Any CPU
		{B6FBEF63-1FDF-43EA-9052-8E4A71AC0026}.Release|x64.Build.0 = Release|Any CPU
		{B6FBEF63-1FDF-43EA-9052-8E4A71AC0026}.Release|x86.ActiveCfg = Release|Any CPU
		{B6FBEF63-1FDF-43EA-9052-8E4A71AC0026}.Release|x86.Build.0 = Release|Any CPU
		{347D5A1C-9F69-412D-B06D-F9F82E1B5A9B}.Debug|Any CPU.ActiveCfg = Debug|Any CPU
		{347D5A1C-9F69-412D-B06D-F9F82E1B5A9B}.Debug|Any CPU.Build.0 = Debug|Any CPU
		{347D5A1C-9F69-412D-B06D-F9F82E1B5A9B}.Debug|x64.ActiveCfg = Debug|Any CPU
		{347D5A1C-9F69-412D-B06D-F9F82E1B5A9B}.Debug|x64.Build.0 = Debug|Any CPU
		{347D5A1C-9F69-412D-B06D-F9F82E1B5A9B}.Debug|x86.ActiveCfg = Debug|Any CPU
		{347D5A1C-9F69-412D-B06D-F9F82E1B5A9B}.Debug|x86.Build.0 = Debug|Any CPU
		{347D5A1C-9F69-412D-B06D-F9F82E1B5A9B}.Release|Any CPU.ActiveCfg = Release|Any CPU
		{347D5A1C-9F69-412D-B06D-F9F82E1B5A9B}.Release|Any CPU.Build.0 = Release|Any CPU
		{347D5A1C-9F69-412D-B06D-F9F82E1B5A9B}.Release|x64.ActiveCfg = Release|Any CPU
		{347D5A1C-9F69-412D-B06D-F9F82E1B5A9B}.Release|x64.Build.0 = Release|Any CPU
		{347D5A1C-9F69-412D-B06D-F9F82E1B5A9B}.Release|x86.ActiveCfg = Release|Any CPU
		{347D5A1C-9F69-412D-B06D-F9F82E1B5A9B}.Release|x86.Build.0 = Release|Any CPU
		{B00CDE52-9B4C-4ABA-A687-5DE65BA44F22}.Debug|Any CPU.ActiveCfg = Debug|Any CPU
		{B00CDE52-9B4C-4ABA-A687-5DE65BA44F22}.Debug|Any CPU.Build.0 = Debug|Any CPU
		{B00CDE52-9B4C-4ABA-A687-5DE65BA44F22}.Debug|x64.ActiveCfg = Debug|Any CPU
		{B00CDE52-9B4C-4ABA-A687-5DE65BA44F22}.Debug|x64.Build.0 = Debug|Any CPU
		{B00CDE52-9B4C-4ABA-A687-5DE65BA44F22}.Debug|x86.ActiveCfg = Debug|Any CPU
		{B00CDE52-9B4C-4ABA-A687-5DE65BA44F22}.Debug|x86.Build.0 = Debug|Any CPU
		{B00CDE52-9B4C-4ABA-A687-5DE65BA44F22}.Release|Any CPU.ActiveCfg = Release|Any CPU
		{B00CDE52-9B4C-4ABA-A687-5DE65BA44F22}.Release|Any CPU.Build.0 = Release|Any CPU
		{B00CDE52-9B4C-4ABA-A687-5DE65BA44F22}.Release|x64.ActiveCfg = Release|Any CPU
		{B00CDE52-9B4C-4ABA-A687-5DE65BA44F22}.Release|x64.Build.0 = Release|Any CPU
		{B00CDE52-9B4C-4ABA-A687-5DE65BA44F22}.Release|x86.ActiveCfg = Release|Any CPU
		{B00CDE52-9B4C-4ABA-A687-5DE65BA44F22}.Release|x86.Build.0 = Release|Any CPU
		{5DBD4A6E-A896-4099-BDB4-89A8B21C9C06}.Debug|Any CPU.ActiveCfg = Debug|Any CPU
		{5DBD4A6E-A896-4099-BDB4-89A8B21C9C06}.Debug|Any CPU.Build.0 = Debug|Any CPU
		{5DBD4A6E-A896-4099-BDB4-89A8B21C9C06}.Debug|x64.ActiveCfg = Debug|Any CPU
		{5DBD4A6E-A896-4099-BDB4-89A8B21C9C06}.Debug|x64.Build.0 = Debug|Any CPU
		{5DBD4A6E-A896-4099-BDB4-89A8B21C9C06}.Debug|x86.ActiveCfg = Debug|Any CPU
		{5DBD4A6E-A896-4099-BDB4-89A8B21C9C06}.Debug|x86.Build.0 = Debug|Any CPU
		{5DBD4A6E-A896-4099-BDB4-89A8B21C9C06}.Release|Any CPU.ActiveCfg = Release|Any CPU
		{5DBD4A6E-A896-4099-BDB4-89A8B21C9C06}.Release|Any CPU.Build.0 = Release|Any CPU
		{5DBD4A6E-A896-4099-BDB4-89A8B21C9C06}.Release|x64.ActiveCfg = Release|Any CPU
		{5DBD4A6E-A896-4099-BDB4-89A8B21C9C06}.Release|x64.Build.0 = Release|Any CPU
		{5DBD4A6E-A896-4099-BDB4-89A8B21C9C06}.Release|x86.ActiveCfg = Release|Any CPU
		{5DBD4A6E-A896-4099-BDB4-89A8B21C9C06}.Release|x86.Build.0 = Release|Any CPU
	EndGlobalSection
	GlobalSection(SolutionProperties) = preSolution
		HideSolutionNode = FALSE
	EndGlobalSection
	GlobalSection(NestedProjects) = preSolution
		{061083F6-AC1D-4765-BEB5-E758BC3E5310} = {B392A7FC-B7EC-4F15-8ECF-F581A058B927}
		{EBCB0E1A-5F48-4494-8C90-88A60E24DBE3} = {B392A7FC-B7EC-4F15-8ECF-F581A058B927}
		{73A23A72-D039-4435-9D36-E5531F55B0E2} = {B392A7FC-B7EC-4F15-8ECF-F581A058B927}
		{6674442D-C15A-43C9-B242-BFCB67C9087E} = {B392A7FC-B7EC-4F15-8ECF-F581A058B927}
		{3F11B5E6-4E5A-4901-B00A-E114DEDEED31} = {67821840-5006-4989-B014-A53B10BB76AC}
		{D2932BD7-5090-42E8-9AE2-D58E213F0F8C} = {67821840-5006-4989-B014-A53B10BB76AC}
		{DBFF9CCB-D596-49AC-8F73-62A22AD5F31D} = {67821840-5006-4989-B014-A53B10BB76AC}
		{84E91404-E3C7-46D2-812A-E0BA35624D90} = {67821840-5006-4989-B014-A53B10BB76AC}
		{FD011C8A-F965-4774-9248-98654E68618D} = {67821840-5006-4989-B014-A53B10BB76AC}
		{0051BF08-78AC-4FBE-B9C7-AAD3A660CA2B} = {9FB00275-963F-427C-810E-F7BD21D05613}
		{0A63CB9E-5C52-4E09-A522-E314EAB7E72A} = {9FB00275-963F-427C-810E-F7BD21D05613}
		{83F552DF-314A-4685-9EB0-2560B4FDC355} = {9FB00275-963F-427C-810E-F7BD21D05613}
		{89263C89-6FD6-4931-9762-F5094946CFC8} = {F124595C-5958-4BF6-8619-41F7FF1BC932}
		{A77A9D88-6274-49C0-845D-92AFA83662AE} = {F124595C-5958-4BF6-8619-41F7FF1BC932}
		{ED4A48BB-A601-485D-91E2-62CA3179F988} = {F124595C-5958-4BF6-8619-41F7FF1BC932}
		{F16DEEC2-2C62-464E-A527-8641CE9C4CB1} = {F124595C-5958-4BF6-8619-41F7FF1BC932}
		{129311B6-C6AC-4FA7-8C26-1EA0A84084A9} = {ABA693A7-7D87-4F3F-A927-EC8984553FB5}
		{41D7DB4B-A5D6-4A41-9F5F-A234AFB96DB7} = {ABA693A7-7D87-4F3F-A927-EC8984553FB5}
		{B4D4CBE2-2B10-4B63-92FC-9E93477F59D7} = {ABA693A7-7D87-4F3F-A927-EC8984553FB5}
		{93F0E8D2-CF35-4A3C-9A15-744BB3F5F3D4} = {ABA693A7-7D87-4F3F-A927-EC8984553FB5}
		{B8F86E97-7F3B-4D32-8B76-E7B9799BC5C4} = {795F4BA3-ABF2-40B8-B2AC-399D5C92CFCC}
		{C6FCF65C-4AFD-4EBA-BDB6-A6CB82C92491} = {795F4BA3-ABF2-40B8-B2AC-399D5C92CFCC}
		{EEF1630E-68D0-4D43-9EC7-5C379D37F861} = {3B9BC634-26C9-4CAA-8932-AFF644349CFF}
		{D5DD356B-1A1F-4A10-AD19-2579D0531D31} = {3B9BC634-26C9-4CAA-8932-AFF644349CFF}
		{A0B99384-04DB-4A42-9DBC-1C5360DBF70C} = {795F4BA3-ABF2-40B8-B2AC-399D5C92CFCC}
		{9D2C25F9-C641-431C-8B74-8DE093B89F6B} = {3B9BC634-26C9-4CAA-8932-AFF644349CFF}
		{97592D68-895B-41EA-81C9-2D61C121B1D8} = {3B9BC634-26C9-4CAA-8932-AFF644349CFF}
		{27E368D0-717A-43E3-92D2-C17A11F09CC8} = {21F02B2D-930D-4F46-8C5F-3F135E7E2F3E}
		{C9169B9B-7F1F-4220-A3A2-5AA368B72EE8} = {21F02B2D-930D-4F46-8C5F-3F135E7E2F3E}
		{6377CE06-F288-4353-BEE2-2B8E554D0CFE} = {49B8EE36-8673-4B6E-983A-239A1EC5DC59}
		{2FE2EF92-FEA7-4D97-BC26-25BE3818F406} = {49B8EE36-8673-4B6E-983A-239A1EC5DC59}
		{B4FA3936-EEAE-40A7-82CA-0846C1C73CB5} = {699EA221-3667-4521-9CA9-CA02A170AF91}
		{C037B8AC-DEEE-4276-ACAA-C03887CE1FB9} = {699EA221-3667-4521-9CA9-CA02A170AF91}
		{CB79868E-A015-4182-BF64-66C53A04259C} = {EC9F2DF0-4300-4D91-9ACB-22043D1745F7}
		{9807E972-5B73-44E0-A445-C6F9C6DB86E0} = {EC9F2DF0-4300-4D91-9ACB-22043D1745F7}
		{187CF2C5-BBB4-454D-951A-BB52C5EF93C8} = {F8AB2EE5-97A7-4CDD-A36F-E5227DB6C788}
		{F96F9CEF-4776-4D78-88D2-96F7A1C4A734} = {F8AB2EE5-97A7-4CDD-A36F-E5227DB6C788}
		{B6FBEF63-1FDF-43EA-9052-8E4A71AC0026} = {399071F5-6D8B-4FE7-BFB6-E89B092A93E7}
		{347D5A1C-9F69-412D-B06D-F9F82E1B5A9B} = {399071F5-6D8B-4FE7-BFB6-E89B092A93E7}
		{B00CDE52-9B4C-4ABA-A687-5DE65BA44F22} = {6A79C53B-1492-40E4-99BC-22CE3043EF1E}
		{5DBD4A6E-A896-4099-BDB4-89A8B21C9C06} = {6A79C53B-1492-40E4-99BC-22CE3043EF1E}
	EndGlobalSection
	GlobalSection(ExtensibilityGlobals) = postSolution
		SolutionGuid = {D5016E34-CE20-4E3F-8428-292DEEF43940}
	EndGlobalSection
EndGlobal
