
Microsoft Visual Studio Solution File, Format Version 12.00
# Visual Studio 15
VisualStudioVersion = 15.0.26124.0
MinimumVisualStudioVersion = 15.0.26124.0
Project("{FAE04EC0-301F-11D3-BF4B-00C04F79EFBC}") = "d1", "d1\d1.csproj", "{6178876C-9C69-4984-AA16-7175DB6467A1}"
EndProject
Project("{FAE04EC0-301F-11D3-BF4B-00C04F79EFBC}") = "d1.tests", "d1.tests\d1.tests.csproj", "{29441841-EAA9-449D-93DB-485660C86E22}"
EndProject
Project("{FAE04EC0-301F-11D3-BF4B-00C04F79EFBC}") = "d2", "d2\d2.csproj", "{29EAFE14-FCB2-4119-AF31-0E695F080C86}"
EndProject
Project("{FAE04EC0-301F-11D3-BF4B-00C04F79EFBC}") = "d3", "d3\d3.csproj", "{8404308D-5216-4429-A861-B1A045937C94}"
EndProject
Project("{FAE04EC0-301F-11D3-BF4B-00C04F79EFBC}") = "d4", "d4\d4.csproj", "{FFF4607A-998F-41E0-B871-46ECFF4097FB}"
EndProject
Project("{FAE04EC0-301F-11D3-BF4B-00C04F79EFBC}") = "d5", "d5\d5.csproj", "{2BDD1BEA-8523-4E94-B431-FAF3E325F88D}"
EndProject
Project("{FAE04EC0-301F-11D3-BF4B-00C04F79EFBC}") = "d6", "d6\d6.csproj", "{4292B1F2-0C87-42CD-B3E7-380E14494097}"
EndProject
Global
	GlobalSection(SolutionConfigurationPlatforms) = preSolution
		Debug|Any CPU = Debug|Any CPU
		Debug|x64 = Debug|x64
		Debug|x86 = Debug|x86
		Release|Any CPU = Release|Any CPU
		Release|x64 = Release|x64
		Release|x86 = Release|x86
	EndGlobalSection
	GlobalSection(SolutionProperties) = preSolution
		HideSolutionNode = FALSE
	EndGlobalSection
	GlobalSection(ProjectConfigurationPlatforms) = postSolution
		{6178876C-9C69-4984-AA16-7175DB6467A1}.Debug|Any CPU.ActiveCfg = Debug|Any CPU
		{6178876C-9C69-4984-AA16-7175DB6467A1}.Debug|Any CPU.Build.0 = Debug|Any CPU
		{6178876C-9C69-4984-AA16-7175DB6467A1}.Debug|x64.ActiveCfg = Debug|Any CPU
		{6178876C-9C69-4984-AA16-7175DB6467A1}.Debug|x64.Build.0 = Debug|Any CPU
		{6178876C-9C69-4984-AA16-7175DB6467A1}.Debug|x86.ActiveCfg = Debug|Any CPU
		{6178876C-9C69-4984-AA16-7175DB6467A1}.Debug|x86.Build.0 = Debug|Any CPU
		{6178876C-9C69-4984-AA16-7175DB6467A1}.Release|Any CPU.ActiveCfg = Release|Any CPU
		{6178876C-9C69-4984-AA16-7175DB6467A1}.Release|Any CPU.Build.0 = Release|Any CPU
		{6178876C-9C69-4984-AA16-7175DB6467A1}.Release|x64.ActiveCfg = Release|Any CPU
		{6178876C-9C69-4984-AA16-7175DB6467A1}.Release|x64.Build.0 = Release|Any CPU
		{6178876C-9C69-4984-AA16-7175DB6467A1}.Release|x86.ActiveCfg = Release|Any CPU
		{6178876C-9C69-4984-AA16-7175DB6467A1}.Release|x86.Build.0 = Release|Any CPU
		{29441841-EAA9-449D-93DB-485660C86E22}.Debug|Any CPU.ActiveCfg = Debug|Any CPU
		{29441841-EAA9-449D-93DB-485660C86E22}.Debug|Any CPU.Build.0 = Debug|Any CPU
		{29441841-EAA9-449D-93DB-485660C86E22}.Debug|x64.ActiveCfg = Debug|Any CPU
		{29441841-EAA9-449D-93DB-485660C86E22}.Debug|x64.Build.0 = Debug|Any CPU
		{29441841-EAA9-449D-93DB-485660C86E22}.Debug|x86.ActiveCfg = Debug|Any CPU
		{29441841-EAA9-449D-93DB-485660C86E22}.Debug|x86.Build.0 = Debug|Any CPU
		{29441841-EAA9-449D-93DB-485660C86E22}.Release|Any CPU.ActiveCfg = Release|Any CPU
		{29441841-EAA9-449D-93DB-485660C86E22}.Release|Any CPU.Build.0 = Release|Any CPU
		{29441841-EAA9-449D-93DB-485660C86E22}.Release|x64.ActiveCfg = Release|Any CPU
		{29441841-EAA9-449D-93DB-485660C86E22}.Release|x64.Build.0 = Release|Any CPU
		{29441841-EAA9-449D-93DB-485660C86E22}.Release|x86.ActiveCfg = Release|Any CPU
		{29441841-EAA9-449D-93DB-485660C86E22}.Release|x86.Build.0 = Release|Any CPU
		{29EAFE14-FCB2-4119-AF31-0E695F080C86}.Debug|Any CPU.ActiveCfg = Debug|Any CPU
		{29EAFE14-FCB2-4119-AF31-0E695F080C86}.Debug|Any CPU.Build.0 = Debug|Any CPU
		{29EAFE14-FCB2-4119-AF31-0E695F080C86}.Debug|x64.ActiveCfg = Debug|Any CPU
		{29EAFE14-FCB2-4119-AF31-0E695F080C86}.Debug|x64.Build.0 = Debug|Any CPU
		{29EAFE14-FCB2-4119-AF31-0E695F080C86}.Debug|x86.ActiveCfg = Debug|Any CPU
		{29EAFE14-FCB2-4119-AF31-0E695F080C86}.Debug|x86.Build.0 = Debug|Any CPU
		{29EAFE14-FCB2-4119-AF31-0E695F080C86}.Release|Any CPU.ActiveCfg = Release|Any CPU
		{29EAFE14-FCB2-4119-AF31-0E695F080C86}.Release|Any CPU.Build.0 = Release|Any CPU
		{29EAFE14-FCB2-4119-AF31-0E695F080C86}.Release|x64.ActiveCfg = Release|Any CPU
		{29EAFE14-FCB2-4119-AF31-0E695F080C86}.Release|x64.Build.0 = Release|Any CPU
		{29EAFE14-FCB2-4119-AF31-0E695F080C86}.Release|x86.ActiveCfg = Release|Any CPU
		{29EAFE14-FCB2-4119-AF31-0E695F080C86}.Release|x86.Build.0 = Release|Any CPU
		{8404308D-5216-4429-A861-B1A045937C94}.Debug|Any CPU.ActiveCfg = Debug|Any CPU
		{8404308D-5216-4429-A861-B1A045937C94}.Debug|Any CPU.Build.0 = Debug|Any CPU
		{8404308D-5216-4429-A861-B1A045937C94}.Debug|x64.ActiveCfg = Debug|Any CPU
		{8404308D-5216-4429-A861-B1A045937C94}.Debug|x64.Build.0 = Debug|Any CPU
		{8404308D-5216-4429-A861-B1A045937C94}.Debug|x86.ActiveCfg = Debug|Any CPU
		{8404308D-5216-4429-A861-B1A045937C94}.Debug|x86.Build.0 = Debug|Any CPU
		{8404308D-5216-4429-A861-B1A045937C94}.Release|Any CPU.ActiveCfg = Release|Any CPU
		{8404308D-5216-4429-A861-B1A045937C94}.Release|Any CPU.Build.0 = Release|Any CPU
		{8404308D-5216-4429-A861-B1A045937C94}.Release|x64.ActiveCfg = Release|Any CPU
		{8404308D-5216-4429-A861-B1A045937C94}.Release|x64.Build.0 = Release|Any CPU
		{8404308D-5216-4429-A861-B1A045937C94}.Release|x86.ActiveCfg = Release|Any CPU
		{8404308D-5216-4429-A861-B1A045937C94}.Release|x86.Build.0 = Release|Any CPU
		{FFF4607A-998F-41E0-B871-46ECFF4097FB}.Debug|Any CPU.ActiveCfg = Debug|Any CPU
		{FFF4607A-998F-41E0-B871-46ECFF4097FB}.Debug|Any CPU.Build.0 = Debug|Any CPU
		{FFF4607A-998F-41E0-B871-46ECFF4097FB}.Debug|x64.ActiveCfg = Debug|Any CPU
		{FFF4607A-998F-41E0-B871-46ECFF4097FB}.Debug|x64.Build.0 = Debug|Any CPU
		{FFF4607A-998F-41E0-B871-46ECFF4097FB}.Debug|x86.ActiveCfg = Debug|Any CPU
		{FFF4607A-998F-41E0-B871-46ECFF4097FB}.Debug|x86.Build.0 = Debug|Any CPU
		{FFF4607A-998F-41E0-B871-46ECFF4097FB}.Release|Any CPU.ActiveCfg = Release|Any CPU
		{FFF4607A-998F-41E0-B871-46ECFF4097FB}.Release|Any CPU.Build.0 = Release|Any CPU
		{FFF4607A-998F-41E0-B871-46ECFF4097FB}.Release|x64.ActiveCfg = Release|Any CPU
		{FFF4607A-998F-41E0-B871-46ECFF4097FB}.Release|x64.Build.0 = Release|Any CPU
		{FFF4607A-998F-41E0-B871-46ECFF4097FB}.Release|x86.ActiveCfg = Release|Any CPU
		{FFF4607A-998F-41E0-B871-46ECFF4097FB}.Release|x86.Build.0 = Release|Any CPU
		{2BDD1BEA-8523-4E94-B431-FAF3E325F88D}.Debug|Any CPU.ActiveCfg = Debug|Any CPU
		{2BDD1BEA-8523-4E94-B431-FAF3E325F88D}.Debug|Any CPU.Build.0 = Debug|Any CPU
		{2BDD1BEA-8523-4E94-B431-FAF3E325F88D}.Debug|x64.ActiveCfg = Debug|Any CPU
		{2BDD1BEA-8523-4E94-B431-FAF3E325F88D}.Debug|x64.Build.0 = Debug|Any CPU
		{2BDD1BEA-8523-4E94-B431-FAF3E325F88D}.Debug|x86.ActiveCfg = Debug|Any CPU
		{2BDD1BEA-8523-4E94-B431-FAF3E325F88D}.Debug|x86.Build.0 = Debug|Any CPU
		{2BDD1BEA-8523-4E94-B431-FAF3E325F88D}.Release|Any CPU.ActiveCfg = Release|Any CPU
		{2BDD1BEA-8523-4E94-B431-FAF3E325F88D}.Release|Any CPU.Build.0 = Release|Any CPU
		{2BDD1BEA-8523-4E94-B431-FAF3E325F88D}.Release|x64.ActiveCfg = Release|Any CPU
		{2BDD1BEA-8523-4E94-B431-FAF3E325F88D}.Release|x64.Build.0 = Release|Any CPU
		{2BDD1BEA-8523-4E94-B431-FAF3E325F88D}.Release|x86.ActiveCfg = Release|Any CPU
		{2BDD1BEA-8523-4E94-B431-FAF3E325F88D}.Release|x86.Build.0 = Release|Any CPU
		{4292B1F2-0C87-42CD-B3E7-380E14494097}.Debug|Any CPU.ActiveCfg = Debug|Any CPU
		{4292B1F2-0C87-42CD-B3E7-380E14494097}.Debug|Any CPU.Build.0 = Debug|Any CPU
		{4292B1F2-0C87-42CD-B3E7-380E14494097}.Debug|x64.ActiveCfg = Debug|Any CPU
		{4292B1F2-0C87-42CD-B3E7-380E14494097}.Debug|x64.Build.0 = Debug|Any CPU
		{4292B1F2-0C87-42CD-B3E7-380E14494097}.Debug|x86.ActiveCfg = Debug|Any CPU
		{4292B1F2-0C87-42CD-B3E7-380E14494097}.Debug|x86.Build.0 = Debug|Any CPU
		{4292B1F2-0C87-42CD-B3E7-380E14494097}.Release|Any CPU.ActiveCfg = Release|Any CPU
		{4292B1F2-0C87-42CD-B3E7-380E14494097}.Release|Any CPU.Build.0 = Release|Any CPU
		{4292B1F2-0C87-42CD-B3E7-380E14494097}.Release|x64.ActiveCfg = Release|Any CPU
		{4292B1F2-0C87-42CD-B3E7-380E14494097}.Release|x64.Build.0 = Release|Any CPU
		{4292B1F2-0C87-42CD-B3E7-380E14494097}.Release|x86.ActiveCfg = Release|Any CPU
		{4292B1F2-0C87-42CD-B3E7-380E14494097}.Release|x86.Build.0 = Release|Any CPU
	EndGlobalSection
EndGlobal
